
Microsoft Visual Studio Solution File, Format Version 12.00
# Visual Studio 15
VisualStudioVersion = 15.0.27130.2027
MinimumVisualStudioVersion = 10.0.40219.1
Project("{FAE04EC0-301F-11D3-BF4B-00C04F79EFBC}") = "App001", "App001\App001.csproj", "{94408B01-06F7-440B-AA0D-43067EC61947}"
EndProject
Project("{FAE04EC0-301F-11D3-BF4B-00C04F79EFBC}") = "App002", "App002\App002.csproj", "{301C6099-452A-459C-B38D-6BD75181228C}"
EndProject
Project("{FAE04EC0-301F-11D3-BF4B-00C04F79EFBC}") = "App003.EventAggregator.WindowManager", "App003.Ea.Wm\App003.EventAggregator.WindowManager.csproj", "{9FA1D82F-E596-41D3-8938-E93B297A9E73}"
EndProject
Global
	GlobalSection(SolutionConfigurationPlatforms) = preSolution
		Debug|Any CPU = Debug|Any CPU
		Release|Any CPU = Release|Any CPU
	EndGlobalSection
	GlobalSection(ProjectConfigurationPlatforms) = postSolution
		{94408B01-06F7-440B-AA0D-43067EC61947}.Debug|Any CPU.ActiveCfg = Debug|Any CPU
		{94408B01-06F7-440B-AA0D-43067EC61947}.Debug|Any CPU.Build.0 = Debug|Any CPU
		{94408B01-06F7-440B-AA0D-43067EC61947}.Release|Any CPU.ActiveCfg = Release|Any CPU
		{94408B01-06F7-440B-AA0D-43067EC61947}.Release|Any CPU.Build.0 = Release|Any CPU
		{301C6099-452A-459C-B38D-6BD75181228C}.Debug|Any CPU.ActiveCfg = Debug|Any CPU
		{301C6099-452A-459C-B38D-6BD75181228C}.Debug|Any CPU.Build.0 = Debug|Any CPU
		{301C6099-452A-459C-B38D-6BD75181228C}.Release|Any CPU.ActiveCfg = Release|Any CPU
		{301C6099-452A-459C-B38D-6BD75181228C}.Release|Any CPU.Build.0 = Release|Any CPU
		{9FA1D82F-E596-41D3-8938-E93B297A9E73}.Debug|Any CPU.ActiveCfg = Debug|Any CPU
		{9FA1D82F-E596-41D3-8938-E93B297A9E73}.Debug|Any CPU.Build.0 = Debug|Any CPU
		{9FA1D82F-E596-41D3-8938-E93B297A9E73}.Release|Any CPU.ActiveCfg = Release|Any CPU
		{9FA1D82F-E596-41D3-8938-E93B297A9E73}.Release|Any CPU.Build.0 = Release|Any CPU
	EndGlobalSection
	GlobalSection(SolutionProperties) = preSolution
		HideSolutionNode = FALSE
	EndGlobalSection
	GlobalSection(ExtensibilityGlobals) = postSolution
		SolutionGuid = {D890587D-2F29-4D18-9394-69A043366384}
	EndGlobalSection
EndGlobal
