
Microsoft Visual Studio Solution File, Format Version 12.00
# Visual Studio 15
VisualStudioVersion = 15.0.27130.2027
MinimumVisualStudioVersion = 10.0.40219.1
Project("{FAE04EC0-301F-11D3-BF4B-00C04F79EFBC}") = "App001", "App001\App001.csproj", "{94408B01-06F7-440B-AA0D-43067EC61947}"
EndProject
Project("{FAE04EC0-301F-11D3-BF4B-00C04F79EFBC}") = "App002", "App002\App002.csproj", "{301C6099-452A-459C-B38D-6BD75181228C}"
EndProject
Project("{FAE04EC0-301F-11D3-BF4B-00C04F79EFBC}") = "App003.EventAggregator.WindowManager", "App003.Ea.Wm\App003.EventAggregator.WindowManager.csproj", "{9FA1D82F-E596-41D3-8938-E93B297A9E73}"
EndProject
Project("{2150E333-8FDC-42A3-9474-1A3956D46DE8}") = "MultiProject.CM.Demo", "MultiProject.CM.Demo", "{33105B6D-18A8-4151-B273-E7507904653B}"
EndProject
Project("{FAE04EC0-301F-11D3-BF4B-00C04F79EFBC}") = "App003.MultiProject.Demo", "App003.MultiProject.Demo\App003.MultiProject.Demo.csproj", "{A649B2CE-9792-4DB7-8325-AC24F5AF30E6}"
EndProject
Project("{FAE04EC0-301F-11D3-BF4B-00C04F79EFBC}") = "App003.MultiProject.Demo.Library", "App003.MultiProject.Demo.Library\App003.MultiProject.Demo.Library.csproj", "{66577A96-07D0-4E23-BE54-53F0893F6A2F}"
EndProject
Project("{FAE04EC0-301F-11D3-BF4B-00C04F79EFBC}") = "App004.CustomTrigger", "App004.CustomTrigger\App004.CustomTrigger.csproj", "{4974A3CD-090A-4C92-937D-900169209FD0}"
EndProject
Global
	GlobalSection(SolutionConfigurationPlatforms) = preSolution
		Debug|Any CPU = Debug|Any CPU
		Release|Any CPU = Release|Any CPU
	EndGlobalSection
	GlobalSection(ProjectConfigurationPlatforms) = postSolution
		{94408B01-06F7-440B-AA0D-43067EC61947}.Debug|Any CPU.ActiveCfg = Debug|Any CPU
		{94408B01-06F7-440B-AA0D-43067EC61947}.Debug|Any CPU.Build.0 = Debug|Any CPU
		{94408B01-06F7-440B-AA0D-43067EC61947}.Release|Any CPU.ActiveCfg = Release|Any CPU
		{94408B01-06F7-440B-AA0D-43067EC61947}.Release|Any CPU.Build.0 = Release|Any CPU
		{301C6099-452A-459C-B38D-6BD75181228C}.Debug|Any CPU.ActiveCfg = Debug|Any CPU
		{301C6099-452A-459C-B38D-6BD75181228C}.Debug|Any CPU.Build.0 = Debug|Any CPU
		{301C6099-452A-459C-B38D-6BD75181228C}.Release|Any CPU.ActiveCfg = Release|Any CPU
		{301C6099-452A-459C-B38D-6BD75181228C}.Release|Any CPU.Build.0 = Release|Any CPU
		{9FA1D82F-E596-41D3-8938-E93B297A9E73}.Debug|Any CPU.ActiveCfg = Debug|Any CPU
		{9FA1D82F-E596-41D3-8938-E93B297A9E73}.Debug|Any CPU.Build.0 = Debug|Any CPU
		{9FA1D82F-E596-41D3-8938-E93B297A9E73}.Release|Any CPU.ActiveCfg = Release|Any CPU
		{9FA1D82F-E596-41D3-8938-E93B297A9E73}.Release|Any CPU.Build.0 = Release|Any CPU
		{A649B2CE-9792-4DB7-8325-AC24F5AF30E6}.Debug|Any CPU.ActiveCfg = Debug|Any CPU
		{A649B2CE-9792-4DB7-8325-AC24F5AF30E6}.Debug|Any CPU.Build.0 = Debug|Any CPU
		{A649B2CE-9792-4DB7-8325-AC24F5AF30E6}.Release|Any CPU.ActiveCfg = Release|Any CPU
		{A649B2CE-9792-4DB7-8325-AC24F5AF30E6}.Release|Any CPU.Build.0 = Release|Any CPU
		{66577A96-07D0-4E23-BE54-53F0893F6A2F}.Debug|Any CPU.ActiveCfg = Debug|Any CPU
		{66577A96-07D0-4E23-BE54-53F0893F6A2F}.Debug|Any CPU.Build.0 = Debug|Any CPU
		{66577A96-07D0-4E23-BE54-53F0893F6A2F}.Release|Any CPU.ActiveCfg = Release|Any CPU
		{66577A96-07D0-4E23-BE54-53F0893F6A2F}.Release|Any CPU.Build.0 = Release|Any CPU
		{4974A3CD-090A-4C92-937D-900169209FD0}.Debug|Any CPU.ActiveCfg = Debug|Any CPU
		{4974A3CD-090A-4C92-937D-900169209FD0}.Debug|Any CPU.Build.0 = Debug|Any CPU
		{4974A3CD-090A-4C92-937D-900169209FD0}.Release|Any CPU.ActiveCfg = Release|Any CPU
		{4974A3CD-090A-4C92-937D-900169209FD0}.Release|Any CPU.Build.0 = Release|Any CPU
	EndGlobalSection
	GlobalSection(SolutionProperties) = preSolution
		HideSolutionNode = FALSE
	EndGlobalSection
	GlobalSection(NestedProjects) = preSolution
		{A649B2CE-9792-4DB7-8325-AC24F5AF30E6} = {33105B6D-18A8-4151-B273-E7507904653B}
		{66577A96-07D0-4E23-BE54-53F0893F6A2F} = {33105B6D-18A8-4151-B273-E7507904653B}
	EndGlobalSection
	GlobalSection(ExtensibilityGlobals) = postSolution
		SolutionGuid = {D890587D-2F29-4D18-9394-69A043366384}
	EndGlobalSection
EndGlobal
