
Microsoft Visual Studio Solution File, Format Version 12.00
# Visual Studio Version 16
VisualStudioVersion = 16.0.31321.278
MinimumVisualStudioVersion = 10.0.40219.1
Project("{FAE04EC0-301F-11D3-BF4B-00C04F79EFBC}") = "CheckListwithEnumFlag", "CheckListwithEnumFlag.csproj", "{AE358C66-EE80-45FE-8EFC-B17FF819B6D2}"
EndProject
Global
	GlobalSection(SolutionConfigurationPlatforms) = preSolution
		Debug|Any CPU = Debug|Any CPU
		Release|Any CPU = Release|Any CPU
	EndGlobalSection
	GlobalSection(ProjectConfigurationPlatforms) = postSolution
		{AE358C66-EE80-45FE-8EFC-B17FF819B6D2}.Debug|Any CPU.ActiveCfg = Debug|Any CPU
		{AE358C66-EE80-45FE-8EFC-B17FF819B6D2}.Debug|Any CPU.Build.0 = Debug|Any CPU
		{AE358C66-EE80-45FE-8EFC-B17FF819B6D2}.Release|Any CPU.ActiveCfg = Release|Any CPU
		{AE358C66-EE80-45FE-8EFC-B17FF819B6D2}.Release|Any CPU.Build.0 = Release|Any CPU
	EndGlobalSection
	GlobalSection(SolutionProperties) = preSolution
		HideSolutionNode = FALSE
	EndGlobalSection
	GlobalSection(ExtensibilityGlobals) = postSolution
		SolutionGuid = {4DC1DB29-D5F9-405D-8B36-469BBC74CF9A}
	EndGlobalSection
EndGlobal
