
Microsoft Visual Studio Solution File, Format Version 12.00
# Visual Studio Version 16
VisualStudioVersion = 16.0.31605.320
MinimumVisualStudioVersion = 10.0.40219.1
Project("{FAE04EC0-301F-11D3-BF4B-00C04F79EFBC}") = "VirtualKeyboard", "VirtualKeyboard.csproj", "{070626DB-484D-4BA8-AC7A-9E7507F8FA07}"
EndProject
Global
	GlobalSection(SolutionConfigurationPlatforms) = preSolution
		Debug|Any CPU = Debug|Any CPU
		Release|Any CPU = Release|Any CPU
	EndGlobalSection
	GlobalSection(ProjectConfigurationPlatforms) = postSolution
		{070626DB-484D-4BA8-AC7A-9E7507F8FA07}.Debug|Any CPU.ActiveCfg = Debug|Any CPU
		{070626DB-484D-4BA8-AC7A-9E7507F8FA07}.Debug|Any CPU.Build.0 = Debug|Any CPU
		{070626DB-484D-4BA8-AC7A-9E7507F8FA07}.Release|Any CPU.ActiveCfg = Release|Any CPU
		{070626DB-484D-4BA8-AC7A-9E7507F8FA07}.Release|Any CPU.Build.0 = Release|Any CPU
	EndGlobalSection
	GlobalSection(SolutionProperties) = preSolution
		HideSolutionNode = FALSE
	EndGlobalSection
	GlobalSection(ExtensibilityGlobals) = postSolution
		SolutionGuid = {D34F322E-FB5A-4614-895C-06DB2A31C1BD}
	EndGlobalSection
EndGlobal
