
Microsoft Visual Studio Solution File, Format Version 12.00
# Visual Studio 15
VisualStudioVersion = 15.0.27428.2002
MinimumVisualStudioVersion = 10.0.40219.1
Project("{FAE04EC0-301F-11D3-BF4B-00C04F79EFBC}") = "Span", "Span.csproj", "{CCE58F40-6BB2-4431-B51F-826401D4C503}"
EndProject
Global
	GlobalSection(SolutionConfigurationPlatforms) = preSolution
		Debug|Any CPU = Debug|Any CPU
		Release|Any CPU = Release|Any CPU
	EndGlobalSection
	GlobalSection(ProjectConfigurationPlatforms) = postSolution
		{CCE58F40-6BB2-4431-B51F-826401D4C503}.Debug|Any CPU.ActiveCfg = Debug|Any CPU
		{CCE58F40-6BB2-4431-B51F-826401D4C503}.Debug|Any CPU.Build.0 = Debug|Any CPU
		{CCE58F40-6BB2-4431-B51F-826401D4C503}.Release|Any CPU.ActiveCfg = Release|Any CPU
		{CCE58F40-6BB2-4431-B51F-826401D4C503}.Release|Any CPU.Build.0 = Release|Any CPU
	EndGlobalSection
	GlobalSection(SolutionProperties) = preSolution
		HideSolutionNode = FALSE
	EndGlobalSection
	GlobalSection(ExtensibilityGlobals) = postSolution
		SolutionGuid = {F899FC7A-E2A4-420B-8CF1-FA385ADFD09E}
	EndGlobalSection
EndGlobal
