
Microsoft Visual Studio Solution File, Format Version 12.00
# Visual Studio Version 17
VisualStudioVersion = 17.0.31903.59
MinimumVisualStudioVersion = 10.0.40219.1
Project("{9A19103F-16F7-4668-BE54-9A1E7A4F7556}") = "Day001", "Day 001\Day001.csproj", "{6CECF464-D588-4C8E-9472-7505FFE2C257}"
EndProject
Project("{9A19103F-16F7-4668-BE54-9A1E7A4F7556}") = "Day002 - Annotation Based", "Day 002\Day 002 - Annotation Based\Day002 - Annotation Based.csproj", "{5098D194-6D70-4FA9-B5DE-6431F5ABD990}"
EndProject
Project("{2150E333-8FDC-42A3-9474-1A3956D46DE8}") = "Day 002", "Day 002", "{6BCCB09E-6EFF-48EF-BA84-AC026D844807}"
EndProject
Project("{9A19103F-16F7-4668-BE54-9A1E7A4F7556}") = "Day002 - Code First", "Day 002\Day 002 - Code First\Day002 - Code First.csproj", "{B6B43E77-C5D5-43B0-BAE1-B4941D66CD4C}"
EndProject
Project("{2150E333-8FDC-42A3-9474-1A3956D46DE8}") = "Day 003", "Day 003", "{DC6DAD31-D7AD-4519-A6E5-39A5DD697489}"
EndProject
Project("{2150E333-8FDC-42A3-9474-1A3956D46DE8}") = "Day 001", "Day 001", "{6F2F398C-3872-4E56-AF25-5BFFBE6E30B6}"
EndProject
Project("{9A19103F-16F7-4668-BE54-9A1E7A4F7556}") = "Day003", "Day 003\Day003.csproj", "{1209EDAE-604B-4DB4-96E5-1B3648C69E14}"
EndProject
Project("{9A19103F-16F7-4668-BE54-9A1E7A4F7556}") = "Day004", "Day 004\Day004.csproj", "{AF6B7F20-24B1-4AE2-8C94-2AF0779F078D}"
EndProject
Project("{2150E333-8FDC-42A3-9474-1A3956D46DE8}") = "Day 004", "Day 004", "{3EFC48A8-EC38-48CC-8D6D-4E796E4E45CA}"
EndProject
Project("{2150E333-8FDC-42A3-9474-1A3956D46DE8}") = "Day 005", "Day 005", "{B3E4C8C4-9E9F-4E74-8D39-5F881378ECDA}"
EndProject
Project("{9A19103F-16F7-4668-BE54-9A1E7A4F7556}") = "DemoGraphQLServer", "Day 005\DemoGraphQLServer\DemoGraphQLServer.csproj", "{C815143C-4744-4B0E-8608-1ECB01B508AA}"
EndProject
Project("{9A19103F-16F7-4668-BE54-9A1E7A4F7556}") = "EmployeeService", "Day 005\Services\EmployeeService\EmployeeService.csproj", "{CE21DF52-20F1-4512-8A69-89C8303CE446}"
EndProject
Project("{9A19103F-16F7-4668-BE54-9A1E7A4F7556}") = "InventoryService", "Day 005\Services\InventoryService\InventoryService.csproj", "{EA805445-D849-4BC2-8189-5E7D64A918BB}"
EndProject
Project("{2150E333-8FDC-42A3-9474-1A3956D46DE8}") = "Day 006", "Day 006", "{5FD97C21-7071-4679-9318-370B7080C756}"
EndProject
Project("{FAE04EC0-301F-11D3-BF4B-00C04F79EFBC}") = "MovieApiService", "Day 006\MovieApiService\MovieApiService.csproj", "{011DB1AD-F6F1-497A-B1AB-B60DEC6818FB}"
EndProject
Project("{E53339B2-1760-4266-BCC7-CA923CBCF16C}") = "docker-compose", "docker-compose.dcproj", "{1966A74B-7300-4589-B278-1E6ED1C52A45}"
EndProject
Global
	GlobalSection(SolutionConfigurationPlatforms) = preSolution
		Debug|Any CPU = Debug|Any CPU
		Release|Any CPU = Release|Any CPU
	EndGlobalSection
	GlobalSection(ProjectConfigurationPlatforms) = postSolution
		{6CECF464-D588-4C8E-9472-7505FFE2C257}.Debug|Any CPU.ActiveCfg = Debug|Any CPU
		{6CECF464-D588-4C8E-9472-7505FFE2C257}.Debug|Any CPU.Build.0 = Debug|Any CPU
		{6CECF464-D588-4C8E-9472-7505FFE2C257}.Release|Any CPU.ActiveCfg = Release|Any CPU
		{6CECF464-D588-4C8E-9472-7505FFE2C257}.Release|Any CPU.Build.0 = Release|Any CPU
		{5098D194-6D70-4FA9-B5DE-6431F5ABD990}.Debug|Any CPU.ActiveCfg = Debug|Any CPU
		{5098D194-6D70-4FA9-B5DE-6431F5ABD990}.Debug|Any CPU.Build.0 = Debug|Any CPU
		{5098D194-6D70-4FA9-B5DE-6431F5ABD990}.Release|Any CPU.ActiveCfg = Release|Any CPU
		{5098D194-6D70-4FA9-B5DE-6431F5ABD990}.Release|Any CPU.Build.0 = Release|Any CPU
		{B6B43E77-C5D5-43B0-BAE1-B4941D66CD4C}.Debug|Any CPU.ActiveCfg = Debug|Any CPU
		{B6B43E77-C5D5-43B0-BAE1-B4941D66CD4C}.Debug|Any CPU.Build.0 = Debug|Any CPU
		{B6B43E77-C5D5-43B0-BAE1-B4941D66CD4C}.Release|Any CPU.ActiveCfg = Release|Any CPU
		{B6B43E77-C5D5-43B0-BAE1-B4941D66CD4C}.Release|Any CPU.Build.0 = Release|Any CPU
		{1209EDAE-604B-4DB4-96E5-1B3648C69E14}.Debug|Any CPU.ActiveCfg = Debug|Any CPU
		{1209EDAE-604B-4DB4-96E5-1B3648C69E14}.Debug|Any CPU.Build.0 = Debug|Any CPU
		{1209EDAE-604B-4DB4-96E5-1B3648C69E14}.Release|Any CPU.ActiveCfg = Release|Any CPU
		{1209EDAE-604B-4DB4-96E5-1B3648C69E14}.Release|Any CPU.Build.0 = Release|Any CPU
		{AF6B7F20-24B1-4AE2-8C94-2AF0779F078D}.Debug|Any CPU.ActiveCfg = Debug|Any CPU
		{AF6B7F20-24B1-4AE2-8C94-2AF0779F078D}.Debug|Any CPU.Build.0 = Debug|Any CPU
		{AF6B7F20-24B1-4AE2-8C94-2AF0779F078D}.Release|Any CPU.ActiveCfg = Release|Any CPU
		{AF6B7F20-24B1-4AE2-8C94-2AF0779F078D}.Release|Any CPU.Build.0 = Release|Any CPU
		{C815143C-4744-4B0E-8608-1ECB01B508AA}.Debug|Any CPU.ActiveCfg = Debug|Any CPU
		{C815143C-4744-4B0E-8608-1ECB01B508AA}.Debug|Any CPU.Build.0 = Debug|Any CPU
		{C815143C-4744-4B0E-8608-1ECB01B508AA}.Release|Any CPU.ActiveCfg = Release|Any CPU
		{C815143C-4744-4B0E-8608-1ECB01B508AA}.Release|Any CPU.Build.0 = Release|Any CPU
		{CE21DF52-20F1-4512-8A69-89C8303CE446}.Debug|Any CPU.ActiveCfg = Debug|Any CPU
		{CE21DF52-20F1-4512-8A69-89C8303CE446}.Debug|Any CPU.Build.0 = Debug|Any CPU
		{CE21DF52-20F1-4512-8A69-89C8303CE446}.Release|Any CPU.ActiveCfg = Release|Any CPU
		{CE21DF52-20F1-4512-8A69-89C8303CE446}.Release|Any CPU.Build.0 = Release|Any CPU
		{EA805445-D849-4BC2-8189-5E7D64A918BB}.Debug|Any CPU.ActiveCfg = Debug|Any CPU
		{EA805445-D849-4BC2-8189-5E7D64A918BB}.Debug|Any CPU.Build.0 = Debug|Any CPU
		{EA805445-D849-4BC2-8189-5E7D64A918BB}.Release|Any CPU.ActiveCfg = Release|Any CPU
		{EA805445-D849-4BC2-8189-5E7D64A918BB}.Release|Any CPU.Build.0 = Release|Any CPU
		{011DB1AD-F6F1-497A-B1AB-B60DEC6818FB}.Debug|Any CPU.ActiveCfg = Debug|Any CPU
		{011DB1AD-F6F1-497A-B1AB-B60DEC6818FB}.Debug|Any CPU.Build.0 = Debug|Any CPU
		{011DB1AD-F6F1-497A-B1AB-B60DEC6818FB}.Release|Any CPU.ActiveCfg = Release|Any CPU
		{011DB1AD-F6F1-497A-B1AB-B60DEC6818FB}.Release|Any CPU.Build.0 = Release|Any CPU
		{1966A74B-7300-4589-B278-1E6ED1C52A45}.Debug|Any CPU.ActiveCfg = Debug|Any CPU
		{1966A74B-7300-4589-B278-1E6ED1C52A45}.Debug|Any CPU.Build.0 = Debug|Any CPU
		{1966A74B-7300-4589-B278-1E6ED1C52A45}.Release|Any CPU.ActiveCfg = Release|Any CPU
		{1966A74B-7300-4589-B278-1E6ED1C52A45}.Release|Any CPU.Build.0 = Release|Any CPU
	EndGlobalSection
	GlobalSection(SolutionProperties) = preSolution
		HideSolutionNode = FALSE
	EndGlobalSection
	GlobalSection(NestedProjects) = preSolution
		{6CECF464-D588-4C8E-9472-7505FFE2C257} = {6F2F398C-3872-4E56-AF25-5BFFBE6E30B6}
		{5098D194-6D70-4FA9-B5DE-6431F5ABD990} = {6BCCB09E-6EFF-48EF-BA84-AC026D844807}
		{B6B43E77-C5D5-43B0-BAE1-B4941D66CD4C} = {6BCCB09E-6EFF-48EF-BA84-AC026D844807}
		{1209EDAE-604B-4DB4-96E5-1B3648C69E14} = {DC6DAD31-D7AD-4519-A6E5-39A5DD697489}
		{AF6B7F20-24B1-4AE2-8C94-2AF0779F078D} = {3EFC48A8-EC38-48CC-8D6D-4E796E4E45CA}
		{C815143C-4744-4B0E-8608-1ECB01B508AA} = {B3E4C8C4-9E9F-4E74-8D39-5F881378ECDA}
		{CE21DF52-20F1-4512-8A69-89C8303CE446} = {B3E4C8C4-9E9F-4E74-8D39-5F881378ECDA}
		{EA805445-D849-4BC2-8189-5E7D64A918BB} = {B3E4C8C4-9E9F-4E74-8D39-5F881378ECDA}
		{011DB1AD-F6F1-497A-B1AB-B60DEC6818FB} = {5FD97C21-7071-4679-9318-370B7080C756}
	EndGlobalSection
	GlobalSection(ExtensibilityGlobals) = postSolution
		SolutionGuid = {39FCD659-D6AD-464D-958C-156954E5A8C9}
	EndGlobalSection
EndGlobal
