
Microsoft Visual Studio Solution File, Format Version 12.00
# Visual Studio Version 17
VisualStudioVersion = 17.0.31410.414
MinimumVisualStudioVersion = 10.0.40219.1
Project("{FAE04EC0-301F-11D3-BF4B-00C04F79EFBC}") = "AlgorithmDemo", "AlgorithmDemo.csproj", "{6910C972-5E71-4229-BBEF-B4FF352C6CC2}"
EndProject
Project("{FAE04EC0-301F-11D3-BF4B-00C04F79EFBC}") = "AlgorithmDemo.Tests", "..\AlgorithmDemo.Tests\AlgorithmDemo.Tests.csproj", "{C10BD295-B70D-4430-A67E-D40C0E7F3F80}"
EndProject
Global
	GlobalSection(SolutionConfigurationPlatforms) = preSolution
		Debug|Any CPU = Debug|Any CPU
		Release|Any CPU = Release|Any CPU
	EndGlobalSection
	GlobalSection(ProjectConfigurationPlatforms) = postSolution
		{6910C972-5E71-4229-BBEF-B4FF352C6CC2}.Debug|Any CPU.ActiveCfg = Debug|Any CPU
		{6910C972-5E71-4229-BBEF-B4FF352C6CC2}.Debug|Any CPU.Build.0 = Debug|Any CPU
		{6910C972-5E71-4229-BBEF-B4FF352C6CC2}.Release|Any CPU.ActiveCfg = Release|Any CPU
		{6910C972-5E71-4229-BBEF-B4FF352C6CC2}.Release|Any CPU.Build.0 = Release|Any CPU
		{C10BD295-B70D-4430-A67E-D40C0E7F3F80}.Debug|Any CPU.ActiveCfg = Debug|Any CPU
		{C10BD295-B70D-4430-A67E-D40C0E7F3F80}.Debug|Any CPU.Build.0 = Debug|Any CPU
		{C10BD295-B70D-4430-A67E-D40C0E7F3F80}.Release|Any CPU.ActiveCfg = Release|Any CPU
		{C10BD295-B70D-4430-A67E-D40C0E7F3F80}.Release|Any CPU.Build.0 = Release|Any CPU
	EndGlobalSection
	GlobalSection(SolutionProperties) = preSolution
		HideSolutionNode = FALSE
	EndGlobalSection
	GlobalSection(ExtensibilityGlobals) = postSolution
		SolutionGuid = {BDB4D862-9AE5-4437-9017-790EA45023D2}
	EndGlobalSection
EndGlobal
