
Microsoft Visual Studio Solution File, Format Version 12.00
# Visual Studio Version 16
VisualStudioVersion = 16.0.30804.86
MinimumVisualStudioVersion = 10.0.40219.1
Project("{FAE04EC0-301F-11D3-BF4B-00C04F79EFBC}") = "EasingFunctions", "EasingFunctions\EasingFunctions.csproj", "{505114FB-9940-4689-BF6B-CF6AF9BD2A8E}"
EndProject
Global
	GlobalSection(SolutionConfigurationPlatforms) = preSolution
		Debug|Any CPU = Debug|Any CPU
		Release|Any CPU = Release|Any CPU
	EndGlobalSection
	GlobalSection(ProjectConfigurationPlatforms) = postSolution
		{505114FB-9940-4689-BF6B-CF6AF9BD2A8E}.Debug|Any CPU.ActiveCfg = Debug|Any CPU
		{505114FB-9940-4689-BF6B-CF6AF9BD2A8E}.Debug|Any CPU.Build.0 = Debug|Any CPU
		{505114FB-9940-4689-BF6B-CF6AF9BD2A8E}.Release|Any CPU.ActiveCfg = Release|Any CPU
		{505114FB-9940-4689-BF6B-CF6AF9BD2A8E}.Release|Any CPU.Build.0 = Release|Any CPU
	EndGlobalSection
	GlobalSection(SolutionProperties) = preSolution
		HideSolutionNode = FALSE
	EndGlobalSection
	GlobalSection(ExtensibilityGlobals) = postSolution
		SolutionGuid = {D6EA4988-F72D-4579-BA32-6AF6AEEACBD6}
	EndGlobalSection
EndGlobal
