
Microsoft Visual Studio Solution File, Format Version 12.00
# Visual Studio Version 16
VisualStudioVersion = 16.0.31321.278
MinimumVisualStudioVersion = 10.0.40219.1
Project("{FAE04EC0-301F-11D3-BF4B-00C04F79EFBC}") = "MyFirstApp", "MyFirstApp.csproj", "{A30F690D-AC44-40F4-A5B7-99C0DD15A34F}"
EndProject
Global
	GlobalSection(SolutionConfigurationPlatforms) = preSolution
		Debug|Any CPU = Debug|Any CPU
		Release|Any CPU = Release|Any CPU
	EndGlobalSection
	GlobalSection(ProjectConfigurationPlatforms) = postSolution
		{A30F690D-AC44-40F4-A5B7-99C0DD15A34F}.Debug|Any CPU.ActiveCfg = Debug|Any CPU
		{A30F690D-AC44-40F4-A5B7-99C0DD15A34F}.Debug|Any CPU.Build.0 = Debug|Any CPU
		{A30F690D-AC44-40F4-A5B7-99C0DD15A34F}.Release|Any CPU.ActiveCfg = Release|Any CPU
		{A30F690D-AC44-40F4-A5B7-99C0DD15A34F}.Release|Any CPU.Build.0 = Release|Any CPU
	EndGlobalSection
	GlobalSection(SolutionProperties) = preSolution
		HideSolutionNode = FALSE
	EndGlobalSection
	GlobalSection(ExtensibilityGlobals) = postSolution
		SolutionGuid = {A813E381-3954-4993-AD09-C4BD8D950C76}
	EndGlobalSection
EndGlobal
