
Microsoft Visual Studio Solution File, Format Version 12.00
# Visual Studio Version 16
VisualStudioVersion = 16.0.30524.135
MinimumVisualStudioVersion = 10.0.40219.1
Project("{FAE04EC0-301F-11D3-BF4B-00C04F79EFBC}") = "AnonymousTypes", "AnonymousTypes\AnonymousTypes.csproj", "{B85F76BE-4725-4452-8CB2-E6C855FC8D70}"
EndProject
Project("{FAE04EC0-301F-11D3-BF4B-00C04F79EFBC}") = "BarAssembly", "BarAssembly\BarAssembly.csproj", "{EF757B13-6CEE-4D7E-9ABE-61FD4073909B}"
EndProject
Global
	GlobalSection(SolutionConfigurationPlatforms) = preSolution
		Debug|Any CPU = Debug|Any CPU
		Release|Any CPU = Release|Any CPU
	EndGlobalSection
	GlobalSection(ProjectConfigurationPlatforms) = postSolution
		{B85F76BE-4725-4452-8CB2-E6C855FC8D70}.Debug|Any CPU.ActiveCfg = Debug|Any CPU
		{B85F76BE-4725-4452-8CB2-E6C855FC8D70}.Debug|Any CPU.Build.0 = Debug|Any CPU
		{B85F76BE-4725-4452-8CB2-E6C855FC8D70}.Release|Any CPU.ActiveCfg = Release|Any CPU
		{B85F76BE-4725-4452-8CB2-E6C855FC8D70}.Release|Any CPU.Build.0 = Release|Any CPU
		{EF757B13-6CEE-4D7E-9ABE-61FD4073909B}.Debug|Any CPU.ActiveCfg = Debug|Any CPU
		{EF757B13-6CEE-4D7E-9ABE-61FD4073909B}.Debug|Any CPU.Build.0 = Debug|Any CPU
		{EF757B13-6CEE-4D7E-9ABE-61FD4073909B}.Release|Any CPU.ActiveCfg = Release|Any CPU
		{EF757B13-6CEE-4D7E-9ABE-61FD4073909B}.Release|Any CPU.Build.0 = Release|Any CPU
	EndGlobalSection
	GlobalSection(SolutionProperties) = preSolution
		HideSolutionNode = FALSE
	EndGlobalSection
	GlobalSection(ExtensibilityGlobals) = postSolution
		SolutionGuid = {81C146B6-A315-4DB0-80C8-F44B4A723390}
	EndGlobalSection
EndGlobal
