
Microsoft Visual Studio Solution File, Format Version 12.00
# Visual Studio Version 17
VisualStudioVersion = 17.8.34004.107
MinimumVisualStudioVersion = 10.0.40219.1
Project("{9A19103F-16F7-4668-BE54-9A1E7A4F7556}") = "DataEntities", "DataEntities\DataEntities.csproj", "{E42C986A-98CA-4FBC-9F9F-88F8C7CB1603}"
EndProject
Project("{9A19103F-16F7-4668-BE54-9A1E7A4F7556}") = "Products", "Products\Products.csproj", "{3366FB0E-CCF3-4620-924E-F2DA34BC00F8}"
EndProject
Project("{FAE04EC0-301F-11D3-BF4B-00C04F79EFBC}") = "Store", "Store\Store.csproj", "{2E156904-6754-43F5-8B27-9B9D6479D9FC}"
EndProject
Project("{FAE04EC0-301F-11D3-BF4B-00C04F79EFBC}") = "ExampleApp.AppHost", "ExampleApp.AppHost\ExampleApp.AppHost.csproj", "{AA806D01-3093-462E-8D48-987319BC3ACB}"
EndProject
Project("{FAE04EC0-301F-11D3-BF4B-00C04F79EFBC}") = "ExampleApp.ServiceDefaults", "ExampleApp.ServiceDefaults\ExampleApp.ServiceDefaults.csproj", "{8502A077-9795-AC12-9328-CF719E6046DE}"
EndProject
Global
	GlobalSection(SolutionConfigurationPlatforms) = preSolution
		Debug|Any CPU = Debug|Any CPU
		Release|Any CPU = Release|Any CPU
	EndGlobalSection
	GlobalSection(ProjectConfigurationPlatforms) = postSolution
		{E42C986A-98CA-4FBC-9F9F-88F8C7CB1603}.Debug|Any CPU.ActiveCfg = Debug|Any CPU
		{E42C986A-98CA-4FBC-9F9F-88F8C7CB1603}.Debug|Any CPU.Build.0 = Debug|Any CPU
		{E42C986A-98CA-4FBC-9F9F-88F8C7CB1603}.Release|Any CPU.ActiveCfg = Release|Any CPU
		{E42C986A-98CA-4FBC-9F9F-88F8C7CB1603}.Release|Any CPU.Build.0 = Release|Any CPU
		{3366FB0E-CCF3-4620-924E-F2DA34BC00F8}.Debug|Any CPU.ActiveCfg = Debug|Any CPU
		{3366FB0E-CCF3-4620-924E-F2DA34BC00F8}.Debug|Any CPU.Build.0 = Debug|Any CPU
		{3366FB0E-CCF3-4620-924E-F2DA34BC00F8}.Release|Any CPU.ActiveCfg = Release|Any CPU
		{3366FB0E-CCF3-4620-924E-F2DA34BC00F8}.Release|Any CPU.Build.0 = Release|Any CPU
		{2E156904-6754-43F5-8B27-9B9D6479D9FC}.Debug|Any CPU.ActiveCfg = Debug|Any CPU
		{2E156904-6754-43F5-8B27-9B9D6479D9FC}.Debug|Any CPU.Build.0 = Debug|Any CPU
		{2E156904-6754-43F5-8B27-9B9D6479D9FC}.Release|Any CPU.ActiveCfg = Release|Any CPU
		{2E156904-6754-43F5-8B27-9B9D6479D9FC}.Release|Any CPU.Build.0 = Release|Any CPU
		{AA806D01-3093-462E-8D48-987319BC3ACB}.Debug|Any CPU.ActiveCfg = Debug|Any CPU
		{AA806D01-3093-462E-8D48-987319BC3ACB}.Debug|Any CPU.Build.0 = Debug|Any CPU
		{AA806D01-3093-462E-8D48-987319BC3ACB}.Release|Any CPU.ActiveCfg = Release|Any CPU
		{AA806D01-3093-462E-8D48-987319BC3ACB}.Release|Any CPU.Build.0 = Release|Any CPU
		{8502A077-9795-AC12-9328-CF719E6046DE}.Debug|Any CPU.ActiveCfg = Debug|Any CPU
		{8502A077-9795-AC12-9328-CF719E6046DE}.Debug|Any CPU.Build.0 = Debug|Any CPU
		{8502A077-9795-AC12-9328-CF719E6046DE}.Release|Any CPU.ActiveCfg = Release|Any CPU
		{8502A077-9795-AC12-9328-CF719E6046DE}.Release|Any CPU.Build.0 = Release|Any CPU
	EndGlobalSection
	GlobalSection(SolutionProperties) = preSolution
		HideSolutionNode = FALSE
	EndGlobalSection
	GlobalSection(ExtensibilityGlobals) = postSolution
		SolutionGuid = {F9C7AE25-263B-4A02-9BC0-632370BB1004}
	EndGlobalSection
EndGlobal
