
Microsoft Visual Studio Solution File, Format Version 12.00
# Visual Studio Version 17
VisualStudioVersion = 17.0.31903.59
MinimumVisualStudioVersion = 10.0.40219.1
Project("{FAE04EC0-301F-11D3-BF4B-00C04F79EFBC}") = "WorkerServiceDemo", "WorkerServiceDemo.csproj", "{3AEE5E3C-9130-4382-B25D-14FB97E8C2DE}"
EndProject
Global
	GlobalSection(SolutionConfigurationPlatforms) = preSolution
		Debug|Any CPU = Debug|Any CPU
		Release|Any CPU = Release|Any CPU
	EndGlobalSection
	GlobalSection(ProjectConfigurationPlatforms) = postSolution
		{3AEE5E3C-9130-4382-B25D-14FB97E8C2DE}.Debug|Any CPU.ActiveCfg = Debug|Any CPU
		{3AEE5E3C-9130-4382-B25D-14FB97E8C2DE}.Debug|Any CPU.Build.0 = Debug|Any CPU
		{3AEE5E3C-9130-4382-B25D-14FB97E8C2DE}.Release|Any CPU.ActiveCfg = Release|Any CPU
		{3AEE5E3C-9130-4382-B25D-14FB97E8C2DE}.Release|Any CPU.Build.0 = Release|Any CPU
	EndGlobalSection
	GlobalSection(SolutionProperties) = preSolution
		HideSolutionNode = FALSE
	EndGlobalSection
	GlobalSection(ExtensibilityGlobals) = postSolution
		SolutionGuid = {D7663306-F0C5-4FC9-B889-EB9581329FDF}
	EndGlobalSection
EndGlobal
