
Microsoft Visual Studio Solution File, Format Version 12.00
# Visual Studio Version 17
VisualStudioVersion = 17.3.32721.290
MinimumVisualStudioVersion = 10.0.40219.1
Project("{9A19103F-16F7-4668-BE54-9A1E7A4F7556}") = "GrpcWebClientWithDotNet", "GrpcWebClientWithDotNet\GrpcWebClientWithDotNet.csproj", "{5620E76D-D3BB-435A-BB59-8124704D1C20}"
EndProject
Global
	GlobalSection(SolutionConfigurationPlatforms) = preSolution
		Debug|Any CPU = Debug|Any CPU
		Release|Any CPU = Release|Any CPU
	EndGlobalSection
	GlobalSection(ProjectConfigurationPlatforms) = postSolution
		{5620E76D-D3BB-435A-BB59-8124704D1C20}.Debug|Any CPU.ActiveCfg = Debug|Any CPU
		{5620E76D-D3BB-435A-BB59-8124704D1C20}.Debug|Any CPU.Build.0 = Debug|Any CPU
		{5620E76D-D3BB-435A-BB59-8124704D1C20}.Release|Any CPU.ActiveCfg = Release|Any CPU
		{5620E76D-D3BB-435A-BB59-8124704D1C20}.Release|Any CPU.Build.0 = Release|Any CPU
	EndGlobalSection
	GlobalSection(SolutionProperties) = preSolution
		HideSolutionNode = FALSE
	EndGlobalSection
	GlobalSection(ExtensibilityGlobals) = postSolution
		SolutionGuid = {4D74D192-2E6C-4782-ABDE-867CC0BA6D8A}
	EndGlobalSection
EndGlobal
