
Microsoft Visual Studio Solution File, Format Version 12.00
# Visual Studio Version 17
VisualStudioVersion = 17.0.31903.59
MinimumVisualStudioVersion = 10.0.40219.1
Project("{FAE04EC0-301F-11D3-BF4B-00C04F79EFBC}") = "CSharp11", "CSharp11.csproj", "{ADA9CBC3-2625-4A38-9A04-4D88B6785954}"
EndProject
Global
	GlobalSection(SolutionConfigurationPlatforms) = preSolution
		Debug|Any CPU = Debug|Any CPU
		Release|Any CPU = Release|Any CPU
	EndGlobalSection
	GlobalSection(ProjectConfigurationPlatforms) = postSolution
		{ADA9CBC3-2625-4A38-9A04-4D88B6785954}.Debug|Any CPU.ActiveCfg = Debug|Any CPU
		{ADA9CBC3-2625-4A38-9A04-4D88B6785954}.Debug|Any CPU.Build.0 = Debug|Any CPU
		{ADA9CBC3-2625-4A38-9A04-4D88B6785954}.Release|Any CPU.ActiveCfg = Release|Any CPU
		{ADA9CBC3-2625-4A38-9A04-4D88B6785954}.Release|Any CPU.Build.0 = Release|Any CPU
	EndGlobalSection
	GlobalSection(SolutionProperties) = preSolution
		HideSolutionNode = FALSE
	EndGlobalSection
	GlobalSection(ExtensibilityGlobals) = postSolution
		SolutionGuid = {7F7E436C-7CD4-4955-8E1B-A0D11B62639C}
	EndGlobalSection
EndGlobal
