
Microsoft Visual Studio Solution File, Format Version 12.00
# Visual Studio Version 17
VisualStudioVersion = 17.0.31903.59
MinimumVisualStudioVersion = 10.0.40219.1
Project("{FAE04EC0-301F-11D3-BF4B-00C04F79EFBC}") = "DemoApi", "DemoApi\DemoApi.csproj", "{BEA5E6BA-EC17-4DEC-B002-F9119990FFFC}"
EndProject
Global
	GlobalSection(SolutionConfigurationPlatforms) = preSolution
		Debug|Any CPU = Debug|Any CPU
		Release|Any CPU = Release|Any CPU
	EndGlobalSection
	GlobalSection(ProjectConfigurationPlatforms) = postSolution
		{BEA5E6BA-EC17-4DEC-B002-F9119990FFFC}.Debug|Any CPU.ActiveCfg = Debug|Any CPU
		{BEA5E6BA-EC17-4DEC-B002-F9119990FFFC}.Debug|Any CPU.Build.0 = Debug|Any CPU
		{BEA5E6BA-EC17-4DEC-B002-F9119990FFFC}.Release|Any CPU.ActiveCfg = Release|Any CPU
		{BEA5E6BA-EC17-4DEC-B002-F9119990FFFC}.Release|Any CPU.Build.0 = Release|Any CPU
	EndGlobalSection
	GlobalSection(SolutionProperties) = preSolution
		HideSolutionNode = FALSE
	EndGlobalSection
	GlobalSection(ExtensibilityGlobals) = postSolution
		SolutionGuid = {C572EF81-C3DE-4FB5-B742-45862272F938}
	EndGlobalSection
EndGlobal
