
Microsoft Visual Studio Solution File, Format Version 12.00
# Visual Studio Version 16
VisualStudioVersion = 16.0.31321.278
MinimumVisualStudioVersion = 10.0.40219.1
Project("{FAE04EC0-301F-11D3-BF4B-00C04F79EFBC}") = "DependencyProperty", "DependencyProperty.csproj", "{775EFF05-6064-42B4-9D77-9FE6CBDC049C}"
EndProject
Global
	GlobalSection(SolutionConfigurationPlatforms) = preSolution
		Debug|Any CPU = Debug|Any CPU
		Release|Any CPU = Release|Any CPU
	EndGlobalSection
	GlobalSection(ProjectConfigurationPlatforms) = postSolution
		{775EFF05-6064-42B4-9D77-9FE6CBDC049C}.Debug|Any CPU.ActiveCfg = Debug|Any CPU
		{775EFF05-6064-42B4-9D77-9FE6CBDC049C}.Debug|Any CPU.Build.0 = Debug|Any CPU
		{775EFF05-6064-42B4-9D77-9FE6CBDC049C}.Release|Any CPU.ActiveCfg = Release|Any CPU
		{775EFF05-6064-42B4-9D77-9FE6CBDC049C}.Release|Any CPU.Build.0 = Release|Any CPU
	EndGlobalSection
	GlobalSection(SolutionProperties) = preSolution
		HideSolutionNode = FALSE
	EndGlobalSection
	GlobalSection(ExtensibilityGlobals) = postSolution
		SolutionGuid = {E244CE9B-9DE7-45ED-B892-857046F5B2CB}
	EndGlobalSection
EndGlobal
