
Microsoft Visual Studio Solution File, Format Version 12.00
# Visual Studio Version 17
VisualStudioVersion = 17.3.32721.290
MinimumVisualStudioVersion = 10.0.40219.1
Project("{FAE04EC0-301F-11D3-BF4B-00C04F79EFBC}") = "GrpcDemoWebClient", "GrpcDemoWebClient\GrpcDemoWebClient.csproj", "{9AAAF03E-3044-49DD-A9D3-3006CA1962B9}"
EndProject
Global
	GlobalSection(SolutionConfigurationPlatforms) = preSolution
		Debug|Any CPU = Debug|Any CPU
		Release|Any CPU = Release|Any CPU
	EndGlobalSection
	GlobalSection(ProjectConfigurationPlatforms) = postSolution
		{9AAAF03E-3044-49DD-A9D3-3006CA1962B9}.Debug|Any CPU.ActiveCfg = Debug|Any CPU
		{9AAAF03E-3044-49DD-A9D3-3006CA1962B9}.Debug|Any CPU.Build.0 = Debug|Any CPU
		{9AAAF03E-3044-49DD-A9D3-3006CA1962B9}.Release|Any CPU.ActiveCfg = Release|Any CPU
		{9AAAF03E-3044-49DD-A9D3-3006CA1962B9}.Release|Any CPU.Build.0 = Release|Any CPU
	EndGlobalSection
	GlobalSection(SolutionProperties) = preSolution
		HideSolutionNode = FALSE
	EndGlobalSection
	GlobalSection(ExtensibilityGlobals) = postSolution
		SolutionGuid = {C4166F59-5624-479D-BA6B-918915ADCF67}
	EndGlobalSection
EndGlobal
