
Microsoft Visual Studio Solution File, Format Version 12.00
# Visual Studio Version 17
VisualStudioVersion = 17.0.31903.59
MinimumVisualStudioVersion = 10.0.40219.1
Project("{FAE04EC0-301F-11D3-BF4B-00C04F79EFBC}") = "RabbitMq.Producer", "RabbitMq.Producer\RabbitMq.Producer.csproj", "{EE220A3D-72C1-4974-9417-1CDB866F2D1C}"
EndProject
Project("{FAE04EC0-301F-11D3-BF4B-00C04F79EFBC}") = "RabbitMq.Consumer", "..\RabbitMq.Consumer\RabbitMq.Consumer.csproj", "{4D46E724-D2CF-4BD0-A914-55E2A11A6766}"
EndProject
Global
	GlobalSection(SolutionConfigurationPlatforms) = preSolution
		Debug|Any CPU = Debug|Any CPU
		Release|Any CPU = Release|Any CPU
	EndGlobalSection
	GlobalSection(ProjectConfigurationPlatforms) = postSolution
		{EE220A3D-72C1-4974-9417-1CDB866F2D1C}.Debug|Any CPU.ActiveCfg = Debug|Any CPU
		{EE220A3D-72C1-4974-9417-1CDB866F2D1C}.Debug|Any CPU.Build.0 = Debug|Any CPU
		{EE220A3D-72C1-4974-9417-1CDB866F2D1C}.Release|Any CPU.ActiveCfg = Release|Any CPU
		{EE220A3D-72C1-4974-9417-1CDB866F2D1C}.Release|Any CPU.Build.0 = Release|Any CPU
		{4D46E724-D2CF-4BD0-A914-55E2A11A6766}.Debug|Any CPU.ActiveCfg = Debug|Any CPU
		{4D46E724-D2CF-4BD0-A914-55E2A11A6766}.Debug|Any CPU.Build.0 = Debug|Any CPU
		{4D46E724-D2CF-4BD0-A914-55E2A11A6766}.Release|Any CPU.ActiveCfg = Release|Any CPU
		{4D46E724-D2CF-4BD0-A914-55E2A11A6766}.Release|Any CPU.Build.0 = Release|Any CPU
	EndGlobalSection
	GlobalSection(SolutionProperties) = preSolution
		HideSolutionNode = FALSE
	EndGlobalSection
	GlobalSection(ExtensibilityGlobals) = postSolution
		SolutionGuid = {129C0F11-B6EC-401D-8041-C1D1F389BAFD}
	EndGlobalSection
EndGlobal
