
Microsoft Visual Studio Solution File, Format Version 12.00
# Visual Studio Version 17
VisualStudioVersion = 17.0.31903.59
MinimumVisualStudioVersion = 10.0.40219.1
Project("{9A19103F-16F7-4668-BE54-9A1E7A4F7556}") = "RabbitMq.Producer", "RabbitMq.Producer\RabbitMq.Producer.csproj", "{EE220A3D-72C1-4974-9417-1CDB866F2D1C}"
EndProject
Project("{9A19103F-16F7-4668-BE54-9A1E7A4F7556}") = "RabbitMq.Consumer", "..\RabbitMq.Consumer\RabbitMq.Consumer.csproj", "{4D46E724-D2CF-4BD0-A914-55E2A11A6766}"
EndProject
Project("{2150E333-8FDC-42A3-9474-1A3956D46DE8}") = "HelloWorld", "HelloWorld", "{C6F18C26-789C-4A61-9B6E-CE4FBAF9F4D4}"
EndProject
Project("{2150E333-8FDC-42A3-9474-1A3956D46DE8}") = "WorkerQueue", "WorkerQueue", "{34770723-8928-4C04-BBF3-5A866299D685}"
EndProject
Project("{9A19103F-16F7-4668-BE54-9A1E7A4F7556}") = "WorkerQueue.Producer", "..\..\WorkerQueues\WorkerQueue.Producer\WorkerQueue.Producer.csproj", "{F1983611-7048-426C-B6D4-FA4966410626}"
EndProject
Project("{9A19103F-16F7-4668-BE54-9A1E7A4F7556}") = "WorkerQueue.Consumer", "..\..\WorkerQueues\WorkerQueue.Consumer\WorkerQueue.Consumer.csproj", "{26450AFB-F194-439D-BA57-1D22D9C87BE2}"
EndProject
Project("{2150E333-8FDC-42A3-9474-1A3956D46DE8}") = "PublishSubscribe", "PublishSubscribe", "{1FD51B2C-A9C5-4C48-8A3B-914BF94F93D3}"
EndProject
Project("{9A19103F-16F7-4668-BE54-9A1E7A4F7556}") = "Publisher", "..\..\PublishSubscriber\Publisher\Publisher.csproj", "{66B58E00-7C34-4BB5-A76F-9EEC35769AA7}"
EndProject
Project("{9A19103F-16F7-4668-BE54-9A1E7A4F7556}") = "Subscriber", "..\..\PublishSubscriber\Subscriber\Subscriber.csproj", "{B091BA43-6750-4D97-9678-F03670C5DC45}"
EndProject
Project("{2150E333-8FDC-42A3-9474-1A3956D46DE8}") = "Routing", "Routing", "{281A2E90-34E4-40D1-BC61-BD91175A14BF}"
EndProject
Project("{9A19103F-16F7-4668-BE54-9A1E7A4F7556}") = "Routing.Publisher", "..\..\Routing\Routing.Publisher\Routing.Publisher.csproj", "{30CADECC-2AB5-49C5-BB45-F46977CAC116}"
EndProject
Project("{9A19103F-16F7-4668-BE54-9A1E7A4F7556}") = "Routing.Subscriber", "..\..\Routing\Routing.Subscriber\Routing.Subscriber.csproj", "{2AB37C21-3D16-4960-8D53-5DE4611B6AC3}"
EndProject
Project("{2150E333-8FDC-42A3-9474-1A3956D46DE8}") = "Topics", "Topics", "{1BCD1B6F-A810-45C1-868C-E91EF6A9234B}"
EndProject
Project("{9A19103F-16F7-4668-BE54-9A1E7A4F7556}") = "Publisher", "..\..\Topics\Publisher\Publisher.csproj", "{B38A5614-6916-42DA-956A-14EA68E4E3BD}"
EndProject
Project("{FAE04EC0-301F-11D3-BF4B-00C04F79EFBC}") = "Subscriber", "..\..\Topics\Subscriber\Subscriber.csproj", "{864524E4-CB51-4760-B0D7-743D997018F3}"
EndProject
Global
	GlobalSection(SolutionConfigurationPlatforms) = preSolution
		Debug|Any CPU = Debug|Any CPU
		Release|Any CPU = Release|Any CPU
	EndGlobalSection
	GlobalSection(ProjectConfigurationPlatforms) = postSolution
		{EE220A3D-72C1-4974-9417-1CDB866F2D1C}.Debug|Any CPU.ActiveCfg = Debug|Any CPU
		{EE220A3D-72C1-4974-9417-1CDB866F2D1C}.Debug|Any CPU.Build.0 = Debug|Any CPU
		{EE220A3D-72C1-4974-9417-1CDB866F2D1C}.Release|Any CPU.ActiveCfg = Release|Any CPU
		{EE220A3D-72C1-4974-9417-1CDB866F2D1C}.Release|Any CPU.Build.0 = Release|Any CPU
		{4D46E724-D2CF-4BD0-A914-55E2A11A6766}.Debug|Any CPU.ActiveCfg = Debug|Any CPU
		{4D46E724-D2CF-4BD0-A914-55E2A11A6766}.Debug|Any CPU.Build.0 = Debug|Any CPU
		{4D46E724-D2CF-4BD0-A914-55E2A11A6766}.Release|Any CPU.ActiveCfg = Release|Any CPU
		{4D46E724-D2CF-4BD0-A914-55E2A11A6766}.Release|Any CPU.Build.0 = Release|Any CPU
		{F1983611-7048-426C-B6D4-FA4966410626}.Debug|Any CPU.ActiveCfg = Debug|Any CPU
		{F1983611-7048-426C-B6D4-FA4966410626}.Debug|Any CPU.Build.0 = Debug|Any CPU
		{F1983611-7048-426C-B6D4-FA4966410626}.Release|Any CPU.ActiveCfg = Release|Any CPU
		{F1983611-7048-426C-B6D4-FA4966410626}.Release|Any CPU.Build.0 = Release|Any CPU
		{26450AFB-F194-439D-BA57-1D22D9C87BE2}.Debug|Any CPU.ActiveCfg = Debug|Any CPU
		{26450AFB-F194-439D-BA57-1D22D9C87BE2}.Debug|Any CPU.Build.0 = Debug|Any CPU
		{26450AFB-F194-439D-BA57-1D22D9C87BE2}.Release|Any CPU.ActiveCfg = Release|Any CPU
		{26450AFB-F194-439D-BA57-1D22D9C87BE2}.Release|Any CPU.Build.0 = Release|Any CPU
		{66B58E00-7C34-4BB5-A76F-9EEC35769AA7}.Debug|Any CPU.ActiveCfg = Debug|Any CPU
		{66B58E00-7C34-4BB5-A76F-9EEC35769AA7}.Debug|Any CPU.Build.0 = Debug|Any CPU
		{66B58E00-7C34-4BB5-A76F-9EEC35769AA7}.Release|Any CPU.ActiveCfg = Release|Any CPU
		{66B58E00-7C34-4BB5-A76F-9EEC35769AA7}.Release|Any CPU.Build.0 = Release|Any CPU
		{B091BA43-6750-4D97-9678-F03670C5DC45}.Debug|Any CPU.ActiveCfg = Debug|Any CPU
		{B091BA43-6750-4D97-9678-F03670C5DC45}.Debug|Any CPU.Build.0 = Debug|Any CPU
		{B091BA43-6750-4D97-9678-F03670C5DC45}.Release|Any CPU.ActiveCfg = Release|Any CPU
		{B091BA43-6750-4D97-9678-F03670C5DC45}.Release|Any CPU.Build.0 = Release|Any CPU
		{30CADECC-2AB5-49C5-BB45-F46977CAC116}.Debug|Any CPU.ActiveCfg = Debug|Any CPU
		{30CADECC-2AB5-49C5-BB45-F46977CAC116}.Debug|Any CPU.Build.0 = Debug|Any CPU
		{30CADECC-2AB5-49C5-BB45-F46977CAC116}.Release|Any CPU.ActiveCfg = Release|Any CPU
		{30CADECC-2AB5-49C5-BB45-F46977CAC116}.Release|Any CPU.Build.0 = Release|Any CPU
		{2AB37C21-3D16-4960-8D53-5DE4611B6AC3}.Debug|Any CPU.ActiveCfg = Debug|Any CPU
		{2AB37C21-3D16-4960-8D53-5DE4611B6AC3}.Debug|Any CPU.Build.0 = Debug|Any CPU
		{2AB37C21-3D16-4960-8D53-5DE4611B6AC3}.Release|Any CPU.ActiveCfg = Release|Any CPU
		{2AB37C21-3D16-4960-8D53-5DE4611B6AC3}.Release|Any CPU.Build.0 = Release|Any CPU
		{B38A5614-6916-42DA-956A-14EA68E4E3BD}.Debug|Any CPU.ActiveCfg = Debug|Any CPU
		{B38A5614-6916-42DA-956A-14EA68E4E3BD}.Debug|Any CPU.Build.0 = Debug|Any CPU
		{B38A5614-6916-42DA-956A-14EA68E4E3BD}.Release|Any CPU.ActiveCfg = Release|Any CPU
		{B38A5614-6916-42DA-956A-14EA68E4E3BD}.Release|Any CPU.Build.0 = Release|Any CPU
		{864524E4-CB51-4760-B0D7-743D997018F3}.Debug|Any CPU.ActiveCfg = Debug|Any CPU
		{864524E4-CB51-4760-B0D7-743D997018F3}.Debug|Any CPU.Build.0 = Debug|Any CPU
		{864524E4-CB51-4760-B0D7-743D997018F3}.Release|Any CPU.ActiveCfg = Release|Any CPU
		{864524E4-CB51-4760-B0D7-743D997018F3}.Release|Any CPU.Build.0 = Release|Any CPU
	EndGlobalSection
	GlobalSection(SolutionProperties) = preSolution
		HideSolutionNode = FALSE
	EndGlobalSection
	GlobalSection(NestedProjects) = preSolution
		{EE220A3D-72C1-4974-9417-1CDB866F2D1C} = {C6F18C26-789C-4A61-9B6E-CE4FBAF9F4D4}
		{4D46E724-D2CF-4BD0-A914-55E2A11A6766} = {C6F18C26-789C-4A61-9B6E-CE4FBAF9F4D4}
		{F1983611-7048-426C-B6D4-FA4966410626} = {34770723-8928-4C04-BBF3-5A866299D685}
		{26450AFB-F194-439D-BA57-1D22D9C87BE2} = {34770723-8928-4C04-BBF3-5A866299D685}
		{66B58E00-7C34-4BB5-A76F-9EEC35769AA7} = {1FD51B2C-A9C5-4C48-8A3B-914BF94F93D3}
		{B091BA43-6750-4D97-9678-F03670C5DC45} = {1FD51B2C-A9C5-4C48-8A3B-914BF94F93D3}
		{30CADECC-2AB5-49C5-BB45-F46977CAC116} = {281A2E90-34E4-40D1-BC61-BD91175A14BF}
		{2AB37C21-3D16-4960-8D53-5DE4611B6AC3} = {281A2E90-34E4-40D1-BC61-BD91175A14BF}
		{B38A5614-6916-42DA-956A-14EA68E4E3BD} = {1BCD1B6F-A810-45C1-868C-E91EF6A9234B}
		{864524E4-CB51-4760-B0D7-743D997018F3} = {1BCD1B6F-A810-45C1-868C-E91EF6A9234B}
	EndGlobalSection
	GlobalSection(ExtensibilityGlobals) = postSolution
		SolutionGuid = {129C0F11-B6EC-401D-8041-C1D1F389BAFD}
	EndGlobalSection
EndGlobal
