
Microsoft Visual Studio Solution File, Format Version 12.00
# Visual Studio Version 17
VisualStudioVersion = 17.7.33920.267
MinimumVisualStudioVersion = 10.0.40219.1
Project("{FAE04EC0-301F-11D3-BF4B-00C04F79EFBC}") = "CSharp12CoreFeatures", "CSharp12CoreFeatures\CSharp12CoreFeatures.csproj", "{39700BE6-1921-4878-AD30-E096F2B18FE9}"
EndProject
Global
	GlobalSection(SolutionConfigurationPlatforms) = preSolution
		Debug|Any CPU = Debug|Any CPU
		Release|Any CPU = Release|Any CPU
	EndGlobalSection
	GlobalSection(ProjectConfigurationPlatforms) = postSolution
		{39700BE6-1921-4878-AD30-E096F2B18FE9}.Debug|Any CPU.ActiveCfg = Debug|Any CPU
		{39700BE6-1921-4878-AD30-E096F2B18FE9}.Debug|Any CPU.Build.0 = Debug|Any CPU
		{39700BE6-1921-4878-AD30-E096F2B18FE9}.Release|Any CPU.ActiveCfg = Release|Any CPU
		{39700BE6-1921-4878-AD30-E096F2B18FE9}.Release|Any CPU.Build.0 = Release|Any CPU
	EndGlobalSection
	GlobalSection(SolutionProperties) = preSolution
		HideSolutionNode = FALSE
	EndGlobalSection
	GlobalSection(ExtensibilityGlobals) = postSolution
		SolutionGuid = {448E585B-EC07-41DB-B83D-3712E498AFA2}
	EndGlobalSection
EndGlobal
