
Microsoft Visual Studio Solution File, Format Version 12.00
# Visual Studio Version 16
VisualStudioVersion = 16.0.30002.166
MinimumVisualStudioVersion = 10.0.40219.1
Project("{FAE04EC0-301F-11D3-BF4B-00C04F79EFBC}") = "DraggingShapes", "DraggingShapes.csproj", "{0B5D240B-F451-4464-A571-E05E53404F6F}"
EndProject
Global
	GlobalSection(SolutionConfigurationPlatforms) = preSolution
		Debug|Any CPU = Debug|Any CPU
		Release|Any CPU = Release|Any CPU
	EndGlobalSection
	GlobalSection(ProjectConfigurationPlatforms) = postSolution
		{0B5D240B-F451-4464-A571-E05E53404F6F}.Debug|Any CPU.ActiveCfg = Debug|Any CPU
		{0B5D240B-F451-4464-A571-E05E53404F6F}.Debug|Any CPU.Build.0 = Debug|Any CPU
		{0B5D240B-F451-4464-A571-E05E53404F6F}.Release|Any CPU.ActiveCfg = Release|Any CPU
		{0B5D240B-F451-4464-A571-E05E53404F6F}.Release|Any CPU.Build.0 = Release|Any CPU
	EndGlobalSection
	GlobalSection(SolutionProperties) = preSolution
		HideSolutionNode = FALSE
	EndGlobalSection
	GlobalSection(ExtensibilityGlobals) = postSolution
		SolutionGuid = {D3392FEB-6C71-4B63-9CB4-C38F32F9086B}
	EndGlobalSection
EndGlobal
