
Microsoft Visual Studio Solution File, Format Version 12.00
# Visual Studio 15
VisualStudioVersion = 15.0.27428.2015
MinimumVisualStudioVersion = 10.0.40219.1
Project("{FAE04EC0-301F-11D3-BF4B-00C04F79EFBC}") = "WCF001_HelloWorld", "WCF001_HelloWorld\WCF001_HelloWorld.csproj", "{DD183F9E-3338-4547-A1E6-C948014679B3}"
EndProject
Project("{FAE04EC0-301F-11D3-BF4B-00C04F79EFBC}") = "DataService", "DataService\DataService.csproj", "{C5315991-B225-4C67-8268-2B68E92D8A2B}"
EndProject
Global
	GlobalSection(SolutionConfigurationPlatforms) = preSolution
		Debug|Any CPU = Debug|Any CPU
		Release|Any CPU = Release|Any CPU
	EndGlobalSection
	GlobalSection(ProjectConfigurationPlatforms) = postSolution
		{DD183F9E-3338-4547-A1E6-C948014679B3}.Debug|Any CPU.ActiveCfg = Debug|Any CPU
		{DD183F9E-3338-4547-A1E6-C948014679B3}.Debug|Any CPU.Build.0 = Debug|Any CPU
		{DD183F9E-3338-4547-A1E6-C948014679B3}.Release|Any CPU.ActiveCfg = Release|Any CPU
		{DD183F9E-3338-4547-A1E6-C948014679B3}.Release|Any CPU.Build.0 = Release|Any CPU
		{C5315991-B225-4C67-8268-2B68E92D8A2B}.Debug|Any CPU.ActiveCfg = Debug|Any CPU
		{C5315991-B225-4C67-8268-2B68E92D8A2B}.Debug|Any CPU.Build.0 = Debug|Any CPU
		{C5315991-B225-4C67-8268-2B68E92D8A2B}.Release|Any CPU.ActiveCfg = Release|Any CPU
		{C5315991-B225-4C67-8268-2B68E92D8A2B}.Release|Any CPU.Build.0 = Release|Any CPU
	EndGlobalSection
	GlobalSection(SolutionProperties) = preSolution
		HideSolutionNode = FALSE
	EndGlobalSection
	GlobalSection(ExtensibilityGlobals) = postSolution
		SolutionGuid = {C8CA0092-F321-4328-9AD3-F2455A11327F}
	EndGlobalSection
EndGlobal
