
Microsoft Visual Studio Solution File, Format Version 12.00
# Visual Studio Version 16
VisualStudioVersion = 16.0.29102.190
MinimumVisualStudioVersion = 10.0.40219.1
Project("{FAE04EC0-301F-11D3-BF4B-00C04F79EFBC}") = "LiskovSubstitution", "LiskovSubstitution.csproj", "{CDDCA81A-93BA-408E-A9FA-6D6487875E3F}"
EndProject
Project("{FAE04EC0-301F-11D3-BF4B-00C04F79EFBC}") = "LiskovSubstitutions.Tests", "..\LiskovSubstitutions.Tests\LiskovSubstitutions.Tests.csproj", "{8EDF4429-251A-416D-BB68-93F227191BCF}"
EndProject
Global
	GlobalSection(SolutionConfigurationPlatforms) = preSolution
		Debug|Any CPU = Debug|Any CPU
		Release|Any CPU = Release|Any CPU
	EndGlobalSection
	GlobalSection(ProjectConfigurationPlatforms) = postSolution
		{CDDCA81A-93BA-408E-A9FA-6D6487875E3F}.Debug|Any CPU.ActiveCfg = Debug|Any CPU
		{CDDCA81A-93BA-408E-A9FA-6D6487875E3F}.Debug|Any CPU.Build.0 = Debug|Any CPU
		{CDDCA81A-93BA-408E-A9FA-6D6487875E3F}.Release|Any CPU.ActiveCfg = Release|Any CPU
		{CDDCA81A-93BA-408E-A9FA-6D6487875E3F}.Release|Any CPU.Build.0 = Release|Any CPU
		{8EDF4429-251A-416D-BB68-93F227191BCF}.Debug|Any CPU.ActiveCfg = Debug|Any CPU
		{8EDF4429-251A-416D-BB68-93F227191BCF}.Debug|Any CPU.Build.0 = Debug|Any CPU
		{8EDF4429-251A-416D-BB68-93F227191BCF}.Release|Any CPU.ActiveCfg = Release|Any CPU
		{8EDF4429-251A-416D-BB68-93F227191BCF}.Release|Any CPU.Build.0 = Release|Any CPU
	EndGlobalSection
	GlobalSection(SolutionProperties) = preSolution
		HideSolutionNode = FALSE
	EndGlobalSection
	GlobalSection(ExtensibilityGlobals) = postSolution
		SolutionGuid = {7A2A7507-AEA1-4317-9DA0-71BD34FB5B65}
	EndGlobalSection
EndGlobal
