
Microsoft Visual Studio Solution File, Format Version 12.00
# Visual Studio Version 16
VisualStudioVersion = 16.0.30804.86
MinimumVisualStudioVersion = 10.0.40219.1
Project("{FAE04EC0-301F-11D3-BF4B-00C04F79EFBC}") = "FodyUnusualBehavior", "FodyUnusualBehavior\FodyUnusualBehavior.csproj", "{B40AC8B3-6349-4BA8-AC69-4AAE57D01151}"
EndProject
Global
	GlobalSection(SolutionConfigurationPlatforms) = preSolution
		Debug|Any CPU = Debug|Any CPU
		Release|Any CPU = Release|Any CPU
	EndGlobalSection
	GlobalSection(ProjectConfigurationPlatforms) = postSolution
		{B40AC8B3-6349-4BA8-AC69-4AAE57D01151}.Debug|Any CPU.ActiveCfg = Debug|Any CPU
		{B40AC8B3-6349-4BA8-AC69-4AAE57D01151}.Debug|Any CPU.Build.0 = Debug|Any CPU
		{B40AC8B3-6349-4BA8-AC69-4AAE57D01151}.Release|Any CPU.ActiveCfg = Release|Any CPU
		{B40AC8B3-6349-4BA8-AC69-4AAE57D01151}.Release|Any CPU.Build.0 = Release|Any CPU
	EndGlobalSection
	GlobalSection(SolutionProperties) = preSolution
		HideSolutionNode = FALSE
	EndGlobalSection
	GlobalSection(ExtensibilityGlobals) = postSolution
		SolutionGuid = {A5C259E0-D35C-4A94-9C15-1D5C839D13BB}
	EndGlobalSection
EndGlobal
