
Microsoft Visual Studio Solution File, Format Version 12.00
# Visual Studio Version 17
VisualStudioVersion = 17.13.35931.197
MinimumVisualStudioVersion = 10.0.40219.1
Project("{FAE04EC0-301F-11D3-BF4B-00C04F79EFBC}") = "UserService", "UserService\UserService.csproj", "{2D8015B2-4EEC-4C52-B0A7-C19139830AEC}"
EndProject
Project("{FAE04EC0-301F-11D3-BF4B-00C04F79EFBC}") = "PaymentService", "PaymentService\PaymentService.csproj", "{A70F161F-28AD-4706-86D0-6505AAA70456}"
EndProject
Project("{FAE04EC0-301F-11D3-BF4B-00C04F79EFBC}") = "AggregatoryService", "AggregatoryService\AggregatoryService.csproj", "{92738D90-28A1-4F89-9984-E450EA119166}"
EndProject
Project("{E53339B2-1760-4266-BCC7-CA923CBCF16C}") = "docker-compose", "docker-compose.dcproj", "{81DDED9D-158B-E303-5F62-77A2896D2A5A}"
EndProject
Global
	GlobalSection(SolutionConfigurationPlatforms) = preSolution
		Debug|Any CPU = Debug|Any CPU
		Release|Any CPU = Release|Any CPU
	EndGlobalSection
	GlobalSection(ProjectConfigurationPlatforms) = postSolution
		{2D8015B2-4EEC-4C52-B0A7-C19139830AEC}.Debug|Any CPU.ActiveCfg = Debug|Any CPU
		{2D8015B2-4EEC-4C52-B0A7-C19139830AEC}.Debug|Any CPU.Build.0 = Debug|Any CPU
		{2D8015B2-4EEC-4C52-B0A7-C19139830AEC}.Release|Any CPU.ActiveCfg = Release|Any CPU
		{2D8015B2-4EEC-4C52-B0A7-C19139830AEC}.Release|Any CPU.Build.0 = Release|Any CPU
		{A70F161F-28AD-4706-86D0-6505AAA70456}.Debug|Any CPU.ActiveCfg = Debug|Any CPU
		{A70F161F-28AD-4706-86D0-6505AAA70456}.Debug|Any CPU.Build.0 = Debug|Any CPU
		{A70F161F-28AD-4706-86D0-6505AAA70456}.Release|Any CPU.ActiveCfg = Release|Any CPU
		{A70F161F-28AD-4706-86D0-6505AAA70456}.Release|Any CPU.Build.0 = Release|Any CPU
		{92738D90-28A1-4F89-9984-E450EA119166}.Debug|Any CPU.ActiveCfg = Debug|Any CPU
		{92738D90-28A1-4F89-9984-E450EA119166}.Debug|Any CPU.Build.0 = Debug|Any CPU
		{92738D90-28A1-4F89-9984-E450EA119166}.Release|Any CPU.ActiveCfg = Release|Any CPU
		{92738D90-28A1-4F89-9984-E450EA119166}.Release|Any CPU.Build.0 = Release|Any CPU
		{81DDED9D-158B-E303-5F62-77A2896D2A5A}.Debug|Any CPU.ActiveCfg = Debug|Any CPU
		{81DDED9D-158B-E303-5F62-77A2896D2A5A}.Debug|Any CPU.Build.0 = Debug|Any CPU
		{81DDED9D-158B-E303-5F62-77A2896D2A5A}.Release|Any CPU.ActiveCfg = Release|Any CPU
		{81DDED9D-158B-E303-5F62-77A2896D2A5A}.Release|Any CPU.Build.0 = Release|Any CPU
	EndGlobalSection
	GlobalSection(SolutionProperties) = preSolution
		HideSolutionNode = FALSE
	EndGlobalSection
	GlobalSection(ExtensibilityGlobals) = postSolution
		SolutionGuid = {E89F40FD-835C-4FC3-AA70-7A9FED4C68A5}
	EndGlobalSection
EndGlobal
