
Microsoft Visual Studio Solution File, Format Version 12.00
# Visual Studio Version 17
VisualStudioVersion = 17.0.31903.59
MinimumVisualStudioVersion = 10.0.40219.1
Project("{FAE04EC0-301F-11D3-BF4B-00C04F79EFBC}") = "HelloWorldApi", "HelloWorldApi.csproj", "{E60A9833-37DF-4916-8EC0-37A695A924F9}"
EndProject
Global
	GlobalSection(SolutionConfigurationPlatforms) = preSolution
		Debug|Any CPU = Debug|Any CPU
		Release|Any CPU = Release|Any CPU
	EndGlobalSection
	GlobalSection(ProjectConfigurationPlatforms) = postSolution
		{E60A9833-37DF-4916-8EC0-37A695A924F9}.Debug|Any CPU.ActiveCfg = Debug|Any CPU
		{E60A9833-37DF-4916-8EC0-37A695A924F9}.Debug|Any CPU.Build.0 = Debug|Any CPU
		{E60A9833-37DF-4916-8EC0-37A695A924F9}.Release|Any CPU.ActiveCfg = Release|Any CPU
		{E60A9833-37DF-4916-8EC0-37A695A924F9}.Release|Any CPU.Build.0 = Release|Any CPU
	EndGlobalSection
	GlobalSection(SolutionProperties) = preSolution
		HideSolutionNode = FALSE
	EndGlobalSection
	GlobalSection(ExtensibilityGlobals) = postSolution
		SolutionGuid = {39FCD659-D6AD-464D-958C-156954E5A8C9}
	EndGlobalSection
EndGlobal
