
Microsoft Visual Studio Solution File, Format Version 12.00
# Visual Studio Version 16
VisualStudioVersion = 16.0.29509.3
MinimumVisualStudioVersion = 10.0.40219.1
Project("{FAE04EC0-301F-11D3-BF4B-00C04F79EFBC}") = "Automapper.UseIoc", "Automapper.UseIoc\Automapper.UseIoc.csproj", "{A20A10C1-1767-4954-BBF7-6CA17F1E0C2A}"
EndProject
Global
	GlobalSection(SolutionConfigurationPlatforms) = preSolution
		Debug|Any CPU = Debug|Any CPU
		Release|Any CPU = Release|Any CPU
	EndGlobalSection
	GlobalSection(ProjectConfigurationPlatforms) = postSolution
		{A20A10C1-1767-4954-BBF7-6CA17F1E0C2A}.Debug|Any CPU.ActiveCfg = Debug|Any CPU
		{A20A10C1-1767-4954-BBF7-6CA17F1E0C2A}.Debug|Any CPU.Build.0 = Debug|Any CPU
		{A20A10C1-1767-4954-BBF7-6CA17F1E0C2A}.Release|Any CPU.ActiveCfg = Release|Any CPU
		{A20A10C1-1767-4954-BBF7-6CA17F1E0C2A}.Release|Any CPU.Build.0 = Release|Any CPU
	EndGlobalSection
	GlobalSection(SolutionProperties) = preSolution
		HideSolutionNode = FALSE
	EndGlobalSection
	GlobalSection(ExtensibilityGlobals) = postSolution
		SolutionGuid = {6FC1AE14-2B1C-40A4-BD72-527F2251FD34}
	EndGlobalSection
EndGlobal
