
Microsoft Visual Studio Solution File, Format Version 12.00
# Visual Studio Version 16
VisualStudioVersion = 16.0.31321.278
MinimumVisualStudioVersion = 10.0.40219.1
Project("{FAE04EC0-301F-11D3-BF4B-00C04F79EFBC}") = "TypeConverters", "TypeConverters.csproj", "{C618FC73-B9A8-4064-8670-1D50D26CB565}"
EndProject
Global
	GlobalSection(SolutionConfigurationPlatforms) = preSolution
		Debug|Any CPU = Debug|Any CPU
		Release|Any CPU = Release|Any CPU
	EndGlobalSection
	GlobalSection(ProjectConfigurationPlatforms) = postSolution
		{C618FC73-B9A8-4064-8670-1D50D26CB565}.Debug|Any CPU.ActiveCfg = Debug|Any CPU
		{C618FC73-B9A8-4064-8670-1D50D26CB565}.Debug|Any CPU.Build.0 = Debug|Any CPU
		{C618FC73-B9A8-4064-8670-1D50D26CB565}.Release|Any CPU.ActiveCfg = Release|Any CPU
		{C618FC73-B9A8-4064-8670-1D50D26CB565}.Release|Any CPU.Build.0 = Release|Any CPU
	EndGlobalSection
	GlobalSection(SolutionProperties) = preSolution
		HideSolutionNode = FALSE
	EndGlobalSection
	GlobalSection(ExtensibilityGlobals) = postSolution
		SolutionGuid = {F55969F7-FD20-429A-B695-E73D6C010C16}
	EndGlobalSection
EndGlobal
