
Microsoft Visual Studio Solution File, Format Version 12.00
# Visual Studio Version 17
VisualStudioVersion = 17.2.32901.213
MinimumVisualStudioVersion = 10.0.40219.1
Project("{9A19103F-16F7-4668-BE54-9A1E7A4F7556}") = "MassTransit.Mediator", "MassTransit.Mediator.csproj", "{25111705-B9C0-4721-838B-38EDC4FC6FD0}"
EndProject
Project("{FAE04EC0-301F-11D3-BF4B-00C04F79EFBC}") = "MassTransit.Mediator.Contracts", "..\MassTransit.Mediator.Contracts\MassTransit.Mediator.Contracts.csproj", "{E61E9CD1-B4ED-41E1-ADCB-6FF8777F06BA}"
EndProject
Global
	GlobalSection(SolutionConfigurationPlatforms) = preSolution
		Debug|Any CPU = Debug|Any CPU
		Release|Any CPU = Release|Any CPU
	EndGlobalSection
	GlobalSection(ProjectConfigurationPlatforms) = postSolution
		{25111705-B9C0-4721-838B-38EDC4FC6FD0}.Debug|Any CPU.ActiveCfg = Debug|Any CPU
		{25111705-B9C0-4721-838B-38EDC4FC6FD0}.Debug|Any CPU.Build.0 = Debug|Any CPU
		{25111705-B9C0-4721-838B-38EDC4FC6FD0}.Release|Any CPU.ActiveCfg = Release|Any CPU
		{25111705-B9C0-4721-838B-38EDC4FC6FD0}.Release|Any CPU.Build.0 = Release|Any CPU
		{E61E9CD1-B4ED-41E1-ADCB-6FF8777F06BA}.Debug|Any CPU.ActiveCfg = Debug|Any CPU
		{E61E9CD1-B4ED-41E1-ADCB-6FF8777F06BA}.Debug|Any CPU.Build.0 = Debug|Any CPU
		{E61E9CD1-B4ED-41E1-ADCB-6FF8777F06BA}.Release|Any CPU.ActiveCfg = Release|Any CPU
		{E61E9CD1-B4ED-41E1-ADCB-6FF8777F06BA}.Release|Any CPU.Build.0 = Release|Any CPU
	EndGlobalSection
	GlobalSection(SolutionProperties) = preSolution
		HideSolutionNode = FALSE
	EndGlobalSection
	GlobalSection(ExtensibilityGlobals) = postSolution
		SolutionGuid = {E5EB73D4-C77E-4571-A594-C5856138B0B7}
	EndGlobalSection
EndGlobal
