
Microsoft Visual Studio Solution File, Format Version 12.00
# Visual Studio Version 16
VisualStudioVersion = 16.0.30128.74
MinimumVisualStudioVersion = 10.0.40219.1
Project("{FAE04EC0-301F-11D3-BF4B-00C04F79EFBC}") = "Demo2Plugin", "Demo2Plugin\Demo2Plugin.csproj", "{55BE9F39-9E9D-4C71-9EF4-6001EB0CDF55}"
EndProject
Global
	GlobalSection(SolutionConfigurationPlatforms) = preSolution
		Debug|Any CPU = Debug|Any CPU
		Release|Any CPU = Release|Any CPU
	EndGlobalSection
	GlobalSection(ProjectConfigurationPlatforms) = postSolution
		{55BE9F39-9E9D-4C71-9EF4-6001EB0CDF55}.Debug|Any CPU.ActiveCfg = Debug|Any CPU
		{55BE9F39-9E9D-4C71-9EF4-6001EB0CDF55}.Debug|Any CPU.Build.0 = Debug|Any CPU
		{55BE9F39-9E9D-4C71-9EF4-6001EB0CDF55}.Release|Any CPU.ActiveCfg = Release|Any CPU
		{55BE9F39-9E9D-4C71-9EF4-6001EB0CDF55}.Release|Any CPU.Build.0 = Release|Any CPU
	EndGlobalSection
	GlobalSection(SolutionProperties) = preSolution
		HideSolutionNode = FALSE
	EndGlobalSection
	GlobalSection(ExtensibilityGlobals) = postSolution
		SolutionGuid = {31D8FB17-9EA3-42C8-B780-F98E4DA0ECB5}
	EndGlobalSection
EndGlobal
