
Microsoft Visual Studio Solution File, Format Version 12.00
# Visual Studio Version 17
VisualStudioVersion = 17.0.31521.260
MinimumVisualStudioVersion = 10.0.40219.1
Project("{9A19103F-16F7-4668-BE54-9A1E7A4F7556}") = "CodeGen", "CodeGen.csproj", "{9914B51D-D239-46CF-9DE5-B3768F9EFC91}"
EndProject
Project("{9A19103F-16F7-4668-BE54-9A1E7A4F7556}") = "Client", "..\Client\Client.csproj", "{0D49481A-2B85-4C7F-9BA6-05CCAEAFD99D}"
EndProject
Project("{FAE04EC0-301F-11D3-BF4B-00C04F79EFBC}") = "SharedDemo", "..\SharedDemo\SharedDemo.csproj", "{81C57298-160B-484B-B76F-99A7818139CF}"
EndProject
Global
	GlobalSection(SolutionConfigurationPlatforms) = preSolution
		Debug|Any CPU = Debug|Any CPU
		Release|Any CPU = Release|Any CPU
	EndGlobalSection
	GlobalSection(ProjectConfigurationPlatforms) = postSolution
		{9914B51D-D239-46CF-9DE5-B3768F9EFC91}.Debug|Any CPU.ActiveCfg = Debug|Any CPU
		{9914B51D-D239-46CF-9DE5-B3768F9EFC91}.Debug|Any CPU.Build.0 = Debug|Any CPU
		{9914B51D-D239-46CF-9DE5-B3768F9EFC91}.Release|Any CPU.ActiveCfg = Release|Any CPU
		{9914B51D-D239-46CF-9DE5-B3768F9EFC91}.Release|Any CPU.Build.0 = Release|Any CPU
		{0D49481A-2B85-4C7F-9BA6-05CCAEAFD99D}.Debug|Any CPU.ActiveCfg = Debug|Any CPU
		{0D49481A-2B85-4C7F-9BA6-05CCAEAFD99D}.Debug|Any CPU.Build.0 = Debug|Any CPU
		{0D49481A-2B85-4C7F-9BA6-05CCAEAFD99D}.Release|Any CPU.ActiveCfg = Release|Any CPU
		{0D49481A-2B85-4C7F-9BA6-05CCAEAFD99D}.Release|Any CPU.Build.0 = Release|Any CPU
		{81C57298-160B-484B-B76F-99A7818139CF}.Debug|Any CPU.ActiveCfg = Debug|Any CPU
		{81C57298-160B-484B-B76F-99A7818139CF}.Debug|Any CPU.Build.0 = Debug|Any CPU
		{81C57298-160B-484B-B76F-99A7818139CF}.Release|Any CPU.ActiveCfg = Release|Any CPU
		{81C57298-160B-484B-B76F-99A7818139CF}.Release|Any CPU.Build.0 = Release|Any CPU
	EndGlobalSection
	GlobalSection(SolutionProperties) = preSolution
		HideSolutionNode = FALSE
	EndGlobalSection
	GlobalSection(ExtensibilityGlobals) = postSolution
		SolutionGuid = {6889914C-412F-4340-8FD2-E55BD14A553C}
	EndGlobalSection
EndGlobal
