
Microsoft Visual Studio Solution File, Format Version 12.00
# Visual Studio Version 17
VisualStudioVersion = 17.0.31903.59
MinimumVisualStudioVersion = 10.0.40219.1
Project("{FAE04EC0-301F-11D3-BF4B-00C04F79EFBC}") = "OcelotDemo.Api", "OcelotDemo.Api\OcelotDemo.Api.csproj", "{2DC98CF4-8DB5-4EBF-B108-569141A602E6}"
EndProject
Project("{FAE04EC0-301F-11D3-BF4B-00C04F79EFBC}") = "OcelotDemo.Service", "OcelotDemo.Service\OcelotDemo.Service.csproj", "{8E09B9A6-3078-4822-8F63-E401119AB13E}"
EndProject
Global
	GlobalSection(SolutionConfigurationPlatforms) = preSolution
		Debug|Any CPU = Debug|Any CPU
		Release|Any CPU = Release|Any CPU
	EndGlobalSection
	GlobalSection(ProjectConfigurationPlatforms) = postSolution
		{2DC98CF4-8DB5-4EBF-B108-569141A602E6}.Debug|Any CPU.ActiveCfg = Debug|Any CPU
		{2DC98CF4-8DB5-4EBF-B108-569141A602E6}.Debug|Any CPU.Build.0 = Debug|Any CPU
		{2DC98CF4-8DB5-4EBF-B108-569141A602E6}.Release|Any CPU.ActiveCfg = Release|Any CPU
		{2DC98CF4-8DB5-4EBF-B108-569141A602E6}.Release|Any CPU.Build.0 = Release|Any CPU
		{8E09B9A6-3078-4822-8F63-E401119AB13E}.Debug|Any CPU.ActiveCfg = Debug|Any CPU
		{8E09B9A6-3078-4822-8F63-E401119AB13E}.Debug|Any CPU.Build.0 = Debug|Any CPU
		{8E09B9A6-3078-4822-8F63-E401119AB13E}.Release|Any CPU.ActiveCfg = Release|Any CPU
		{8E09B9A6-3078-4822-8F63-E401119AB13E}.Release|Any CPU.Build.0 = Release|Any CPU
	EndGlobalSection
	GlobalSection(SolutionProperties) = preSolution
		HideSolutionNode = FALSE
	EndGlobalSection
	GlobalSection(ExtensibilityGlobals) = postSolution
		SolutionGuid = {BB03DB19-1E43-486A-BD7E-4B9782906925}
	EndGlobalSection
EndGlobal
