
Microsoft Visual Studio Solution File, Format Version 12.00
# Visual Studio 15
VisualStudioVersion = 15.0.28010.2048
MinimumVisualStudioVersion = 10.0.40219.1
Project("{FAE04EC0-301F-11D3-BF4B-00C04F79EFBC}") = "TcpSever", "TcpSever.csproj", "{CE5C4F4E-80D3-481C-A09B-54509C1A8622}"
EndProject
Project("{FAE04EC0-301F-11D3-BF4B-00C04F79EFBC}") = "TcpClient", "..\TcpClient\TcpClient.csproj", "{9A7D223D-CC33-4BCB-820E-23C5FFD493C9}"
EndProject
Global
	GlobalSection(SolutionConfigurationPlatforms) = preSolution
		Debug|Any CPU = Debug|Any CPU
		Release|Any CPU = Release|Any CPU
	EndGlobalSection
	GlobalSection(ProjectConfigurationPlatforms) = postSolution
		{CE5C4F4E-80D3-481C-A09B-54509C1A8622}.Debug|Any CPU.ActiveCfg = Debug|Any CPU
		{CE5C4F4E-80D3-481C-A09B-54509C1A8622}.Debug|Any CPU.Build.0 = Debug|Any CPU
		{CE5C4F4E-80D3-481C-A09B-54509C1A8622}.Release|Any CPU.ActiveCfg = Release|Any CPU
		{CE5C4F4E-80D3-481C-A09B-54509C1A8622}.Release|Any CPU.Build.0 = Release|Any CPU
		{9A7D223D-CC33-4BCB-820E-23C5FFD493C9}.Debug|Any CPU.ActiveCfg = Debug|Any CPU
		{9A7D223D-CC33-4BCB-820E-23C5FFD493C9}.Debug|Any CPU.Build.0 = Debug|Any CPU
		{9A7D223D-CC33-4BCB-820E-23C5FFD493C9}.Release|Any CPU.ActiveCfg = Release|Any CPU
		{9A7D223D-CC33-4BCB-820E-23C5FFD493C9}.Release|Any CPU.Build.0 = Release|Any CPU
	EndGlobalSection
	GlobalSection(SolutionProperties) = preSolution
		HideSolutionNode = FALSE
	EndGlobalSection
	GlobalSection(ExtensibilityGlobals) = postSolution
		SolutionGuid = {ED08A7AB-4D3B-44D0-BDBF-FE397DAEDF5F}
	EndGlobalSection
EndGlobal
