
Microsoft Visual Studio Solution File, Format Version 12.00
# Visual Studio Version 17
VisualStudioVersion = 17.0.31612.314
MinimumVisualStudioVersion = 10.0.40219.1
Project("{FAE04EC0-301F-11D3-BF4B-00C04F79EFBC}") = "BoilerPlate", "BoilerPlate.csproj", "{1A2E8614-EC1C-415C-8489-B50F9EF7DDAC}"
EndProject
Global
	GlobalSection(SolutionConfigurationPlatforms) = preSolution
		Debug|Any CPU = Debug|Any CPU
		Release|Any CPU = Release|Any CPU
	EndGlobalSection
	GlobalSection(ProjectConfigurationPlatforms) = postSolution
		{1A2E8614-EC1C-415C-8489-B50F9EF7DDAC}.Debug|Any CPU.ActiveCfg = Debug|Any CPU
		{1A2E8614-EC1C-415C-8489-B50F9EF7DDAC}.Debug|Any CPU.Build.0 = Debug|Any CPU
		{1A2E8614-EC1C-415C-8489-B50F9EF7DDAC}.Release|Any CPU.ActiveCfg = Release|Any CPU
		{1A2E8614-EC1C-415C-8489-B50F9EF7DDAC}.Release|Any CPU.Build.0 = Release|Any CPU
	EndGlobalSection
	GlobalSection(SolutionProperties) = preSolution
		HideSolutionNode = FALSE
	EndGlobalSection
	GlobalSection(ExtensibilityGlobals) = postSolution
		SolutionGuid = {C22ACAEB-704B-4D7A-A598-7AFEA510880E}
	EndGlobalSection
EndGlobal
