
Microsoft Visual Studio Solution File, Format Version 12.00
# Visual Studio Version 16
VisualStudioVersion = 16.0.31321.278
MinimumVisualStudioVersion = 10.0.40219.1
Project("{FAE04EC0-301F-11D3-BF4B-00C04F79EFBC}") = "FirstApp", "FirstApp.csproj", "{BCB59800-DD8A-41EC-B21D-279F2CDA632B}"
EndProject
Global
	GlobalSection(SolutionConfigurationPlatforms) = preSolution
		Debug|Any CPU = Debug|Any CPU
		Release|Any CPU = Release|Any CPU
	EndGlobalSection
	GlobalSection(ProjectConfigurationPlatforms) = postSolution
		{BCB59800-DD8A-41EC-B21D-279F2CDA632B}.Debug|Any CPU.ActiveCfg = Debug|Any CPU
		{BCB59800-DD8A-41EC-B21D-279F2CDA632B}.Debug|Any CPU.Build.0 = Debug|Any CPU
		{BCB59800-DD8A-41EC-B21D-279F2CDA632B}.Release|Any CPU.ActiveCfg = Release|Any CPU
		{BCB59800-DD8A-41EC-B21D-279F2CDA632B}.Release|Any CPU.Build.0 = Release|Any CPU
	EndGlobalSection
	GlobalSection(SolutionProperties) = preSolution
		HideSolutionNode = FALSE
	EndGlobalSection
	GlobalSection(ExtensibilityGlobals) = postSolution
		SolutionGuid = {25EDE42A-E294-4106-881F-43935096EA67}
	EndGlobalSection
EndGlobal
