
Microsoft Visual Studio Solution File, Format Version 12.00
# Visual Studio Version 17
VisualStudioVersion = 17.7.33920.267
MinimumVisualStudioVersion = 10.0.40219.1
Project("{FAE04EC0-301F-11D3-BF4B-00C04F79EFBC}") = "DemoApp", "DemoApp.csproj", "{2F65D76A-3DB0-4239-B7B8-2B5E4330B13A}"
EndProject
Global
	GlobalSection(SolutionConfigurationPlatforms) = preSolution
		Debug|Any CPU = Debug|Any CPU
		Release|Any CPU = Release|Any CPU
	EndGlobalSection
	GlobalSection(ProjectConfigurationPlatforms) = postSolution
		{2F65D76A-3DB0-4239-B7B8-2B5E4330B13A}.Debug|Any CPU.ActiveCfg = Debug|Any CPU
		{2F65D76A-3DB0-4239-B7B8-2B5E4330B13A}.Debug|Any CPU.Build.0 = Debug|Any CPU
		{2F65D76A-3DB0-4239-B7B8-2B5E4330B13A}.Release|Any CPU.ActiveCfg = Release|Any CPU
		{2F65D76A-3DB0-4239-B7B8-2B5E4330B13A}.Release|Any CPU.Build.0 = Release|Any CPU
	EndGlobalSection
	GlobalSection(SolutionProperties) = preSolution
		HideSolutionNode = FALSE
	EndGlobalSection
	GlobalSection(ExtensibilityGlobals) = postSolution
		SolutionGuid = {043FD1C1-78B0-4DC0-9618-98D1FC4D41CA}
	EndGlobalSection
EndGlobal
