
Microsoft Visual Studio Solution File, Format Version 12.00
# Visual Studio Version 17
VisualStudioVersion = 17.0.31903.59
MinimumVisualStudioVersion = 10.0.40219.1
Project("{FAE04EC0-301F-11D3-BF4B-00C04F79EFBC}") = "BenchmarkForEach", "BenchmarkForEach\BenchmarkForEach.csproj", "{88DC9CDD-7F59-49D3-A85A-E1C14CB70724}"
EndProject
Global
	GlobalSection(SolutionConfigurationPlatforms) = preSolution
		Debug|Any CPU = Debug|Any CPU
		Release|Any CPU = Release|Any CPU
	EndGlobalSection
	GlobalSection(ProjectConfigurationPlatforms) = postSolution
		{88DC9CDD-7F59-49D3-A85A-E1C14CB70724}.Debug|Any CPU.ActiveCfg = Debug|Any CPU
		{88DC9CDD-7F59-49D3-A85A-E1C14CB70724}.Debug|Any CPU.Build.0 = Debug|Any CPU
		{88DC9CDD-7F59-49D3-A85A-E1C14CB70724}.Release|Any CPU.ActiveCfg = Release|Any CPU
		{88DC9CDD-7F59-49D3-A85A-E1C14CB70724}.Release|Any CPU.Build.0 = Release|Any CPU
	EndGlobalSection
	GlobalSection(SolutionProperties) = preSolution
		HideSolutionNode = FALSE
	EndGlobalSection
	GlobalSection(ExtensibilityGlobals) = postSolution
		SolutionGuid = {F1C2C5DF-3BE7-4611-A308-44D993DBD79C}
	EndGlobalSection
EndGlobal
