
Microsoft Visual Studio Solution File, Format Version 12.00
# Visual Studio Version 17
VisualStudioVersion = 17.0.31410.414
MinimumVisualStudioVersion = 10.0.40219.1
Project("{FAE04EC0-301F-11D3-BF4B-00C04F79EFBC}") = "Adapter", "Adapter\Adapter\Adapter.csproj", "{119018B4-4061-4B95-871B-27E44B3F0D2D}"
EndProject
Project("{FAE04EC0-301F-11D3-BF4B-00C04F79EFBC}") = "CoR", "CoR\CoR\CoR.csproj", "{67F152DB-7DB3-4292-A6F4-AD3B993F2135}"
EndProject
Project("{FAE04EC0-301F-11D3-BF4B-00C04F79EFBC}") = "Fascade", "Fascade\Fascade\Fascade.csproj", "{F857BFA8-2E7A-42A8-B3A1-C0571DDDA54D}"
EndProject
Project("{FAE04EC0-301F-11D3-BF4B-00C04F79EFBC}") = "Template", "Template\Template.csproj", "{7C2508A8-1BC9-4F3B-8906-1270FDD6664E}"
EndProject
Project("{FAE04EC0-301F-11D3-BF4B-00C04F79EFBC}") = "NullObject", "NullObject\NullObject.csproj", "{9A42E9EF-DE01-4BE0-A957-43BFED1CA144}"
EndProject
Project("{FAE04EC0-301F-11D3-BF4B-00C04F79EFBC}") = "State", "State\State.csproj", "{D13BAFB3-B056-4CE3-9998-EC784EF354DE}"
EndProject
Project("{FAE04EC0-301F-11D3-BF4B-00C04F79EFBC}") = "Decorator", "Decorator\Decorator.csproj", "{15C0A1AF-C0D3-447C-B0B7-24FFDF895FEF}"
EndProject
Project("{FAE04EC0-301F-11D3-BF4B-00C04F79EFBC}") = "Prototype", "Prototype\Prototype.csproj", "{A1CDEF3B-D57E-464F-A2EB-E3EDC503088F}"
EndProject
Project("{FAE04EC0-301F-11D3-BF4B-00C04F79EFBC}") = "Bridge", "Bridge\Bridge.csproj", "{AA87568E-DE39-48DD-BAD4-D3673E7071C1}"
EndProject
Project("{FAE04EC0-301F-11D3-BF4B-00C04F79EFBC}") = "Memento", "Memento\Memento.csproj", "{38535E22-9038-4C18-B51C-BA96977C00D3}"
EndProject
Project("{FAE04EC0-301F-11D3-BF4B-00C04F79EFBC}") = "GenericMemento", "GenericMemento\GenericMemento.csproj", "{86E7CA1E-467E-4242-B6AD-81C173EF837E}"
EndProject
Project("{FAE04EC0-301F-11D3-BF4B-00C04F79EFBC}") = "Composite", "Composite\Composite.csproj", "{2F14B6D0-72DE-4D8A-B230-CAA38FCD5C41}"
EndProject
Project("{FAE04EC0-301F-11D3-BF4B-00C04F79EFBC}") = "Singleton", "Singleton\Singleton.csproj", "{108C8B8A-BE05-4EFF-9FC1-D2DCD48CE805}"
EndProject
Project("{FAE04EC0-301F-11D3-BF4B-00C04F79EFBC}") = "DesignPattern.Tests", "DesignPattern.Tests\DesignPattern.Tests.csproj", "{8EDF4429-251A-416D-BB68-93F227191BCF}"
EndProject
Project("{9A19103F-16F7-4668-BE54-9A1E7A4F7556}") = "FactoryMethod", "FactoryMethod\FactoryMethod.csproj", "{6F000249-FB9A-44D8-BA77-F82BCE037F12}"
EndProject
Project("{9A19103F-16F7-4668-BE54-9A1E7A4F7556}") = "DynamicMappingPattern", "DynamicMappingPattern\DynamicMappingPattern.csproj", "{D4BC44A2-0343-4F34-AF73-46731EEC38AA}"
EndProject
Project("{9A19103F-16F7-4668-BE54-9A1E7A4F7556}") = "Strategy", "Strategy\Strategy.csproj", "{1D37EC36-C311-46A7-8436-4452D6E9D408}"
EndProject
Project("{9A19103F-16F7-4668-BE54-9A1E7A4F7556}") = "Observer", "Observer\Observer.csproj", "{B475828F-DA2A-4ED4-AC43-86614A1469EB}"
EndProject
Project("{FAE04EC0-301F-11D3-BF4B-00C04F79EFBC}") = "EventAggregator.Simple", "EventAggregator.Simple\EventAggregator.Simple.csproj", "{562A8185-60A1-4D53-83A6-A0F13297867D}"
EndProject
Global
	GlobalSection(SolutionConfigurationPlatforms) = preSolution
		Debug|Any CPU = Debug|Any CPU
		Release|Any CPU = Release|Any CPU
	EndGlobalSection
	GlobalSection(ProjectConfigurationPlatforms) = postSolution
		{119018B4-4061-4B95-871B-27E44B3F0D2D}.Debug|Any CPU.ActiveCfg = Debug|Any CPU
		{119018B4-4061-4B95-871B-27E44B3F0D2D}.Debug|Any CPU.Build.0 = Debug|Any CPU
		{119018B4-4061-4B95-871B-27E44B3F0D2D}.Release|Any CPU.ActiveCfg = Release|Any CPU
		{119018B4-4061-4B95-871B-27E44B3F0D2D}.Release|Any CPU.Build.0 = Release|Any CPU
		{67F152DB-7DB3-4292-A6F4-AD3B993F2135}.Debug|Any CPU.ActiveCfg = Debug|Any CPU
		{67F152DB-7DB3-4292-A6F4-AD3B993F2135}.Debug|Any CPU.Build.0 = Debug|Any CPU
		{67F152DB-7DB3-4292-A6F4-AD3B993F2135}.Release|Any CPU.ActiveCfg = Release|Any CPU
		{67F152DB-7DB3-4292-A6F4-AD3B993F2135}.Release|Any CPU.Build.0 = Release|Any CPU
		{F857BFA8-2E7A-42A8-B3A1-C0571DDDA54D}.Debug|Any CPU.ActiveCfg = Debug|Any CPU
		{F857BFA8-2E7A-42A8-B3A1-C0571DDDA54D}.Debug|Any CPU.Build.0 = Debug|Any CPU
		{F857BFA8-2E7A-42A8-B3A1-C0571DDDA54D}.Release|Any CPU.ActiveCfg = Release|Any CPU
		{F857BFA8-2E7A-42A8-B3A1-C0571DDDA54D}.Release|Any CPU.Build.0 = Release|Any CPU
		{7C2508A8-1BC9-4F3B-8906-1270FDD6664E}.Debug|Any CPU.ActiveCfg = Debug|Any CPU
		{7C2508A8-1BC9-4F3B-8906-1270FDD6664E}.Debug|Any CPU.Build.0 = Debug|Any CPU
		{7C2508A8-1BC9-4F3B-8906-1270FDD6664E}.Release|Any CPU.ActiveCfg = Release|Any CPU
		{7C2508A8-1BC9-4F3B-8906-1270FDD6664E}.Release|Any CPU.Build.0 = Release|Any CPU
		{9A42E9EF-DE01-4BE0-A957-43BFED1CA144}.Debug|Any CPU.ActiveCfg = Debug|Any CPU
		{9A42E9EF-DE01-4BE0-A957-43BFED1CA144}.Debug|Any CPU.Build.0 = Debug|Any CPU
		{9A42E9EF-DE01-4BE0-A957-43BFED1CA144}.Release|Any CPU.ActiveCfg = Release|Any CPU
		{9A42E9EF-DE01-4BE0-A957-43BFED1CA144}.Release|Any CPU.Build.0 = Release|Any CPU
		{D13BAFB3-B056-4CE3-9998-EC784EF354DE}.Debug|Any CPU.ActiveCfg = Debug|Any CPU
		{D13BAFB3-B056-4CE3-9998-EC784EF354DE}.Debug|Any CPU.Build.0 = Debug|Any CPU
		{D13BAFB3-B056-4CE3-9998-EC784EF354DE}.Release|Any CPU.ActiveCfg = Release|Any CPU
		{D13BAFB3-B056-4CE3-9998-EC784EF354DE}.Release|Any CPU.Build.0 = Release|Any CPU
		{15C0A1AF-C0D3-447C-B0B7-24FFDF895FEF}.Debug|Any CPU.ActiveCfg = Debug|Any CPU
		{15C0A1AF-C0D3-447C-B0B7-24FFDF895FEF}.Debug|Any CPU.Build.0 = Debug|Any CPU
		{15C0A1AF-C0D3-447C-B0B7-24FFDF895FEF}.Release|Any CPU.ActiveCfg = Release|Any CPU
		{15C0A1AF-C0D3-447C-B0B7-24FFDF895FEF}.Release|Any CPU.Build.0 = Release|Any CPU
		{A1CDEF3B-D57E-464F-A2EB-E3EDC503088F}.Debug|Any CPU.ActiveCfg = Debug|Any CPU
		{A1CDEF3B-D57E-464F-A2EB-E3EDC503088F}.Debug|Any CPU.Build.0 = Debug|Any CPU
		{A1CDEF3B-D57E-464F-A2EB-E3EDC503088F}.Release|Any CPU.ActiveCfg = Release|Any CPU
		{A1CDEF3B-D57E-464F-A2EB-E3EDC503088F}.Release|Any CPU.Build.0 = Release|Any CPU
		{AA87568E-DE39-48DD-BAD4-D3673E7071C1}.Debug|Any CPU.ActiveCfg = Debug|Any CPU
		{AA87568E-DE39-48DD-BAD4-D3673E7071C1}.Debug|Any CPU.Build.0 = Debug|Any CPU
		{AA87568E-DE39-48DD-BAD4-D3673E7071C1}.Release|Any CPU.ActiveCfg = Release|Any CPU
		{AA87568E-DE39-48DD-BAD4-D3673E7071C1}.Release|Any CPU.Build.0 = Release|Any CPU
		{38535E22-9038-4C18-B51C-BA96977C00D3}.Debug|Any CPU.ActiveCfg = Debug|Any CPU
		{38535E22-9038-4C18-B51C-BA96977C00D3}.Debug|Any CPU.Build.0 = Debug|Any CPU
		{38535E22-9038-4C18-B51C-BA96977C00D3}.Release|Any CPU.ActiveCfg = Release|Any CPU
		{38535E22-9038-4C18-B51C-BA96977C00D3}.Release|Any CPU.Build.0 = Release|Any CPU
		{86E7CA1E-467E-4242-B6AD-81C173EF837E}.Debug|Any CPU.ActiveCfg = Debug|Any CPU
		{86E7CA1E-467E-4242-B6AD-81C173EF837E}.Debug|Any CPU.Build.0 = Debug|Any CPU
		{86E7CA1E-467E-4242-B6AD-81C173EF837E}.Release|Any CPU.ActiveCfg = Release|Any CPU
		{86E7CA1E-467E-4242-B6AD-81C173EF837E}.Release|Any CPU.Build.0 = Release|Any CPU
		{2F14B6D0-72DE-4D8A-B230-CAA38FCD5C41}.Debug|Any CPU.ActiveCfg = Debug|Any CPU
		{2F14B6D0-72DE-4D8A-B230-CAA38FCD5C41}.Debug|Any CPU.Build.0 = Debug|Any CPU
		{2F14B6D0-72DE-4D8A-B230-CAA38FCD5C41}.Release|Any CPU.ActiveCfg = Release|Any CPU
		{2F14B6D0-72DE-4D8A-B230-CAA38FCD5C41}.Release|Any CPU.Build.0 = Release|Any CPU
		{108C8B8A-BE05-4EFF-9FC1-D2DCD48CE805}.Debug|Any CPU.ActiveCfg = Debug|Any CPU
		{108C8B8A-BE05-4EFF-9FC1-D2DCD48CE805}.Debug|Any CPU.Build.0 = Debug|Any CPU
		{108C8B8A-BE05-4EFF-9FC1-D2DCD48CE805}.Release|Any CPU.ActiveCfg = Release|Any CPU
		{108C8B8A-BE05-4EFF-9FC1-D2DCD48CE805}.Release|Any CPU.Build.0 = Release|Any CPU
		{8EDF4429-251A-416D-BB68-93F227191BCF}.Debug|Any CPU.ActiveCfg = Debug|Any CPU
		{8EDF4429-251A-416D-BB68-93F227191BCF}.Debug|Any CPU.Build.0 = Debug|Any CPU
		{8EDF4429-251A-416D-BB68-93F227191BCF}.Release|Any CPU.ActiveCfg = Release|Any CPU
		{8EDF4429-251A-416D-BB68-93F227191BCF}.Release|Any CPU.Build.0 = Release|Any CPU
		{6F000249-FB9A-44D8-BA77-F82BCE037F12}.Debug|Any CPU.ActiveCfg = Debug|Any CPU
		{6F000249-FB9A-44D8-BA77-F82BCE037F12}.Debug|Any CPU.Build.0 = Debug|Any CPU
		{6F000249-FB9A-44D8-BA77-F82BCE037F12}.Release|Any CPU.ActiveCfg = Release|Any CPU
		{6F000249-FB9A-44D8-BA77-F82BCE037F12}.Release|Any CPU.Build.0 = Release|Any CPU
		{D4BC44A2-0343-4F34-AF73-46731EEC38AA}.Debug|Any CPU.ActiveCfg = Debug|Any CPU
		{D4BC44A2-0343-4F34-AF73-46731EEC38AA}.Debug|Any CPU.Build.0 = Debug|Any CPU
		{D4BC44A2-0343-4F34-AF73-46731EEC38AA}.Release|Any CPU.ActiveCfg = Release|Any CPU
		{D4BC44A2-0343-4F34-AF73-46731EEC38AA}.Release|Any CPU.Build.0 = Release|Any CPU
		{1D37EC36-C311-46A7-8436-4452D6E9D408}.Debug|Any CPU.ActiveCfg = Debug|Any CPU
		{1D37EC36-C311-46A7-8436-4452D6E9D408}.Debug|Any CPU.Build.0 = Debug|Any CPU
		{1D37EC36-C311-46A7-8436-4452D6E9D408}.Release|Any CPU.ActiveCfg = Release|Any CPU
		{1D37EC36-C311-46A7-8436-4452D6E9D408}.Release|Any CPU.Build.0 = Release|Any CPU
		{B475828F-DA2A-4ED4-AC43-86614A1469EB}.Debug|Any CPU.ActiveCfg = Debug|Any CPU
		{B475828F-DA2A-4ED4-AC43-86614A1469EB}.Debug|Any CPU.Build.0 = Debug|Any CPU
		{B475828F-DA2A-4ED4-AC43-86614A1469EB}.Release|Any CPU.ActiveCfg = Release|Any CPU
		{B475828F-DA2A-4ED4-AC43-86614A1469EB}.Release|Any CPU.Build.0 = Release|Any CPU
		{562A8185-60A1-4D53-83A6-A0F13297867D}.Debug|Any CPU.ActiveCfg = Debug|Any CPU
		{562A8185-60A1-4D53-83A6-A0F13297867D}.Debug|Any CPU.Build.0 = Debug|Any CPU
		{562A8185-60A1-4D53-83A6-A0F13297867D}.Release|Any CPU.ActiveCfg = Release|Any CPU
		{562A8185-60A1-4D53-83A6-A0F13297867D}.Release|Any CPU.Build.0 = Release|Any CPU
	EndGlobalSection
	GlobalSection(SolutionProperties) = preSolution
		HideSolutionNode = FALSE
	EndGlobalSection
	GlobalSection(ExtensibilityGlobals) = postSolution
		SolutionGuid = {22648330-40B4-4C8B-98D7-9FAA64A61E3D}
	EndGlobalSection
EndGlobal
