
Microsoft Visual Studio Solution File, Format Version 12.00
# Visual Studio Version 17
VisualStudioVersion = 17.0.31903.59
MinimumVisualStudioVersion = 10.0.40219.1
Project("{9A19103F-16F7-4668-BE54-9A1E7A4F7556}") = "Catalog.Data.Manager", "Catalog.Data.Manager\Catalog.Data.Manager.csproj", "{2FBE20A6-6868-4F2E-B1F0-13C8DD975421}"
EndProject
Project("{9A19103F-16F7-4668-BE54-9A1E7A4F7556}") = "Catalog.Data", "Catalog.Data\Catalog.Data.csproj", "{DA2EE683-5BC2-4676-9438-AB58A0C6FB85}"
EndProject
Project("{9A19103F-16F7-4668-BE54-9A1E7A4F7556}") = "Catalog.API", "Catalog.API\Catalog.API.csproj", "{00CEA97E-4229-40BB-8D04-88AA5AE3FF37}"
EndProject
Project("{9A19103F-16F7-4668-BE54-9A1E7A4F7556}") = "eShop.ServiceDefaults", "eShop.ServiceDefaults\eShop.ServiceDefaults.csproj", "{FF33EEBE-DFB1-462C-A013-0BEE33E8FE74}"
EndProject
Project("{9A19103F-16F7-4668-BE54-9A1E7A4F7556}") = "eShop.AppHost", "eShop.AppHost\eShop.AppHost.csproj", "{C905D7AB-2C0A-4D8D-AF98-2A0FBC2E75A2}"
EndProject
Project("{9A19103F-16F7-4668-BE54-9A1E7A4F7556}") = "WebApp", "WebApp\WebApp.csproj", "{1F292148-A3D8-434C-8E07-F34137EB3068}"
EndProject
Project("{2150E333-8FDC-42A3-9474-1A3956D46DE8}") = "Keycloak", "Keycloak", "{1801E255-F817-4ED6-8259-762B985B8185}"
	ProjectSection(SolutionItems) = preProject
		Keycloak\data\import\eshop-realm.json = Keycloak\data\import\eshop-realm.json
	EndProjectSection
EndProject
Project("{9A19103F-16F7-4668-BE54-9A1E7A4F7556}") = "Basket.API", "Basket.API\Basket.API.csproj", "{E1CD2D6A-73F6-438D-8AB2-7D50D1AA6EBB}"
EndProject
Global
	GlobalSection(SolutionConfigurationPlatforms) = preSolution
		Debug|Any CPU = Debug|Any CPU
		Release|Any CPU = Release|Any CPU
	EndGlobalSection
	GlobalSection(ProjectConfigurationPlatforms) = postSolution
		{2FBE20A6-6868-4F2E-B1F0-13C8DD975421}.Debug|Any CPU.ActiveCfg = Debug|Any CPU
		{2FBE20A6-6868-4F2E-B1F0-13C8DD975421}.Debug|Any CPU.Build.0 = Debug|Any CPU
		{2FBE20A6-6868-4F2E-B1F0-13C8DD975421}.Release|Any CPU.ActiveCfg = Release|Any CPU
		{2FBE20A6-6868-4F2E-B1F0-13C8DD975421}.Release|Any CPU.Build.0 = Release|Any CPU
		{DA2EE683-5BC2-4676-9438-AB58A0C6FB85}.Debug|Any CPU.ActiveCfg = Debug|Any CPU
		{DA2EE683-5BC2-4676-9438-AB58A0C6FB85}.Debug|Any CPU.Build.0 = Debug|Any CPU
		{DA2EE683-5BC2-4676-9438-AB58A0C6FB85}.Release|Any CPU.ActiveCfg = Release|Any CPU
		{DA2EE683-5BC2-4676-9438-AB58A0C6FB85}.Release|Any CPU.Build.0 = Release|Any CPU
		{00CEA97E-4229-40BB-8D04-88AA5AE3FF37}.Debug|Any CPU.ActiveCfg = Debug|Any CPU
		{00CEA97E-4229-40BB-8D04-88AA5AE3FF37}.Debug|Any CPU.Build.0 = Debug|Any CPU
		{00CEA97E-4229-40BB-8D04-88AA5AE3FF37}.Release|Any CPU.ActiveCfg = Release|Any CPU
		{00CEA97E-4229-40BB-8D04-88AA5AE3FF37}.Release|Any CPU.Build.0 = Release|Any CPU
		{FF33EEBE-DFB1-462C-A013-0BEE33E8FE74}.Debug|Any CPU.ActiveCfg = Debug|Any CPU
		{FF33EEBE-DFB1-462C-A013-0BEE33E8FE74}.Debug|Any CPU.Build.0 = Debug|Any CPU
		{FF33EEBE-DFB1-462C-A013-0BEE33E8FE74}.Release|Any CPU.ActiveCfg = Release|Any CPU
		{FF33EEBE-DFB1-462C-A013-0BEE33E8FE74}.Release|Any CPU.Build.0 = Release|Any CPU
		{C905D7AB-2C0A-4D8D-AF98-2A0FBC2E75A2}.Debug|Any CPU.ActiveCfg = Debug|Any CPU
		{C905D7AB-2C0A-4D8D-AF98-2A0FBC2E75A2}.Debug|Any CPU.Build.0 = Debug|Any CPU
		{C905D7AB-2C0A-4D8D-AF98-2A0FBC2E75A2}.Release|Any CPU.ActiveCfg = Release|Any CPU
		{C905D7AB-2C0A-4D8D-AF98-2A0FBC2E75A2}.Release|Any CPU.Build.0 = Release|Any CPU
		{1F292148-A3D8-434C-8E07-F34137EB3068}.Debug|Any CPU.ActiveCfg = Debug|Any CPU
		{1F292148-A3D8-434C-8E07-F34137EB3068}.Debug|Any CPU.Build.0 = Debug|Any CPU
		{1F292148-A3D8-434C-8E07-F34137EB3068}.Release|Any CPU.ActiveCfg = Release|Any CPU
		{1F292148-A3D8-434C-8E07-F34137EB3068}.Release|Any CPU.Build.0 = Release|Any CPU
		{E1CD2D6A-73F6-438D-8AB2-7D50D1AA6EBB}.Debug|Any CPU.ActiveCfg = Debug|Any CPU
		{E1CD2D6A-73F6-438D-8AB2-7D50D1AA6EBB}.Debug|Any CPU.Build.0 = Debug|Any CPU
		{E1CD2D6A-73F6-438D-8AB2-7D50D1AA6EBB}.Release|Any CPU.ActiveCfg = Release|Any CPU
		{E1CD2D6A-73F6-438D-8AB2-7D50D1AA6EBB}.Release|Any CPU.Build.0 = Release|Any CPU
	EndGlobalSection
	GlobalSection(SolutionProperties) = preSolution
		HideSolutionNode = FALSE
	EndGlobalSection
	GlobalSection(ExtensibilityGlobals) = postSolution
		SolutionGuid = {F47FC61C-A26F-4AA2-818D-060BDFE038B3}
	EndGlobalSection
EndGlobal
