
Microsoft Visual Studio Solution File, Format Version 12.00
# Visual Studio Version 16
VisualStudioVersion = 16.0.30002.166
MinimumVisualStudioVersion = 10.0.40219.1
Project("{9A19103F-16F7-4668-BE54-9A1E7A4F7556}") = "IndexAndRange", "IndexAndRange\IndexAndRange.csproj", "{FFDFCBA6-E6AD-41AA-8A67-90E87114121F}"
EndProject
Project("{9A19103F-16F7-4668-BE54-9A1E7A4F7556}") = "UsingDeclaration", "UsingDeclaration\UsingDeclaration.csproj", "{6639DD5E-93C1-4AB4-A1F9-F8EB54AAA2CA}"
EndProject
Project("{9A19103F-16F7-4668-BE54-9A1E7A4F7556}") = "AsynchronousStreams", "AsynchronousStreams\AsynchronousStreams.csproj", "{2292E39B-9879-4DBC-8182-6EA33B1D593C}"
EndProject
Project("{9A19103F-16F7-4668-BE54-9A1E7A4F7556}") = "StaticLocalFunctions", "StaticLocalFunctions\StaticLocalFunctions.csproj", "{0953C294-FE6E-49E3-B095-32C12F4D9B44}"
EndProject
Project("{2150E333-8FDC-42A3-9474-1A3956D46DE8}") = "SwitchExpression", "SwitchExpression", "{75A99C83-7134-4949-A04F-BC3A65AD141F}"
EndProject
Project("{9A19103F-16F7-4668-BE54-9A1E7A4F7556}") = "SwitchExpressions", "SwitchExpression\SwitchExpressions\SwitchExpressions.csproj", "{F6729432-9BC7-4216-9AA3-A24D96137D60}"
EndProject
Project("{9A19103F-16F7-4668-BE54-9A1E7A4F7556}") = "SwitchExpressions.Tests", "SwitchExpression\SwitchExpressions.Tests\SwitchExpressions.Tests.csproj", "{8F99BDF7-219E-4E94-8C18-338E0DD06954}"
EndProject
Global
	GlobalSection(SolutionConfigurationPlatforms) = preSolution
		Debug|Any CPU = Debug|Any CPU
		Release|Any CPU = Release|Any CPU
	EndGlobalSection
	GlobalSection(ProjectConfigurationPlatforms) = postSolution
		{FFDFCBA6-E6AD-41AA-8A67-90E87114121F}.Debug|Any CPU.ActiveCfg = Debug|Any CPU
		{FFDFCBA6-E6AD-41AA-8A67-90E87114121F}.Debug|Any CPU.Build.0 = Debug|Any CPU
		{FFDFCBA6-E6AD-41AA-8A67-90E87114121F}.Release|Any CPU.ActiveCfg = Release|Any CPU
		{FFDFCBA6-E6AD-41AA-8A67-90E87114121F}.Release|Any CPU.Build.0 = Release|Any CPU
		{6639DD5E-93C1-4AB4-A1F9-F8EB54AAA2CA}.Debug|Any CPU.ActiveCfg = Debug|Any CPU
		{6639DD5E-93C1-4AB4-A1F9-F8EB54AAA2CA}.Debug|Any CPU.Build.0 = Debug|Any CPU
		{6639DD5E-93C1-4AB4-A1F9-F8EB54AAA2CA}.Release|Any CPU.ActiveCfg = Release|Any CPU
		{6639DD5E-93C1-4AB4-A1F9-F8EB54AAA2CA}.Release|Any CPU.Build.0 = Release|Any CPU
		{2292E39B-9879-4DBC-8182-6EA33B1D593C}.Debug|Any CPU.ActiveCfg = Debug|Any CPU
		{2292E39B-9879-4DBC-8182-6EA33B1D593C}.Debug|Any CPU.Build.0 = Debug|Any CPU
		{2292E39B-9879-4DBC-8182-6EA33B1D593C}.Release|Any CPU.ActiveCfg = Release|Any CPU
		{2292E39B-9879-4DBC-8182-6EA33B1D593C}.Release|Any CPU.Build.0 = Release|Any CPU
		{0953C294-FE6E-49E3-B095-32C12F4D9B44}.Debug|Any CPU.ActiveCfg = Debug|Any CPU
		{0953C294-FE6E-49E3-B095-32C12F4D9B44}.Debug|Any CPU.Build.0 = Debug|Any CPU
		{0953C294-FE6E-49E3-B095-32C12F4D9B44}.Release|Any CPU.ActiveCfg = Release|Any CPU
		{0953C294-FE6E-49E3-B095-32C12F4D9B44}.Release|Any CPU.Build.0 = Release|Any CPU
		{F6729432-9BC7-4216-9AA3-A24D96137D60}.Debug|Any CPU.ActiveCfg = Debug|Any CPU
		{F6729432-9BC7-4216-9AA3-A24D96137D60}.Debug|Any CPU.Build.0 = Debug|Any CPU
		{F6729432-9BC7-4216-9AA3-A24D96137D60}.Release|Any CPU.ActiveCfg = Release|Any CPU
		{F6729432-9BC7-4216-9AA3-A24D96137D60}.Release|Any CPU.Build.0 = Release|Any CPU
		{8F99BDF7-219E-4E94-8C18-338E0DD06954}.Debug|Any CPU.ActiveCfg = Debug|Any CPU
		{8F99BDF7-219E-4E94-8C18-338E0DD06954}.Debug|Any CPU.Build.0 = Debug|Any CPU
		{8F99BDF7-219E-4E94-8C18-338E0DD06954}.Release|Any CPU.ActiveCfg = Release|Any CPU
		{8F99BDF7-219E-4E94-8C18-338E0DD06954}.Release|Any CPU.Build.0 = Release|Any CPU
	EndGlobalSection
	GlobalSection(SolutionProperties) = preSolution
		HideSolutionNode = FALSE
	EndGlobalSection
	GlobalSection(NestedProjects) = preSolution
		{F6729432-9BC7-4216-9AA3-A24D96137D60} = {75A99C83-7134-4949-A04F-BC3A65AD141F}
		{8F99BDF7-219E-4E94-8C18-338E0DD06954} = {75A99C83-7134-4949-A04F-BC3A65AD141F}
	EndGlobalSection
	GlobalSection(ExtensibilityGlobals) = postSolution
		SolutionGuid = {3A54F49A-1F4B-47D2-A3A9-F1C4CA9FE7CA}
	EndGlobalSection
EndGlobal
