
Microsoft Visual Studio Solution File, Format Version 12.00
# Visual Studio Version 16
VisualStudioVersion = 16.0.30002.166
MinimumVisualStudioVersion = 10.0.40219.1
Project("{FAE04EC0-301F-11D3-BF4B-00C04F79EFBC}") = "IndexAndRange", "IndexAndRange\IndexAndRange.csproj", "{FFDFCBA6-E6AD-41AA-8A67-90E87114121F}"
EndProject
Global
	GlobalSection(SolutionConfigurationPlatforms) = preSolution
		Debug|Any CPU = Debug|Any CPU
		Release|Any CPU = Release|Any CPU
	EndGlobalSection
	GlobalSection(ProjectConfigurationPlatforms) = postSolution
		{FFDFCBA6-E6AD-41AA-8A67-90E87114121F}.Debug|Any CPU.ActiveCfg = Debug|Any CPU
		{FFDFCBA6-E6AD-41AA-8A67-90E87114121F}.Debug|Any CPU.Build.0 = Debug|Any CPU
		{FFDFCBA6-E6AD-41AA-8A67-90E87114121F}.Release|Any CPU.ActiveCfg = Release|Any CPU
		{FFDFCBA6-E6AD-41AA-8A67-90E87114121F}.Release|Any CPU.Build.0 = Release|Any CPU
	EndGlobalSection
	GlobalSection(SolutionProperties) = preSolution
		HideSolutionNode = FALSE
	EndGlobalSection
	GlobalSection(ExtensibilityGlobals) = postSolution
		SolutionGuid = {3A54F49A-1F4B-47D2-A3A9-F1C4CA9FE7CA}
	EndGlobalSection
EndGlobal
