
Microsoft Visual Studio Solution File, Format Version 12.00
# Visual Studio Version 17
VisualStudioVersion = 17.0.31410.414
MinimumVisualStudioVersion = 10.0.40219.1
Project("{FAE04EC0-301F-11D3-BF4B-00C04F79EFBC}") = "LinqEnhancements", "DotNet6\LinqEnhancements\LinqEnhancements.csproj", "{B134AE37-421F-49B7-9C76-7040FF2D4071}"
EndProject
Global
	GlobalSection(SolutionConfigurationPlatforms) = preSolution
		Debug|Any CPU = Debug|Any CPU
		Release|Any CPU = Release|Any CPU
	EndGlobalSection
	GlobalSection(ProjectConfigurationPlatforms) = postSolution
		{B134AE37-421F-49B7-9C76-7040FF2D4071}.Debug|Any CPU.ActiveCfg = Debug|Any CPU
		{B134AE37-421F-49B7-9C76-7040FF2D4071}.Debug|Any CPU.Build.0 = Debug|Any CPU
		{B134AE37-421F-49B7-9C76-7040FF2D4071}.Release|Any CPU.ActiveCfg = Release|Any CPU
		{B134AE37-421F-49B7-9C76-7040FF2D4071}.Release|Any CPU.Build.0 = Release|Any CPU
	EndGlobalSection
	GlobalSection(SolutionProperties) = preSolution
		HideSolutionNode = FALSE
	EndGlobalSection
	GlobalSection(ExtensibilityGlobals) = postSolution
		SolutionGuid = {DE38EBD1-370C-462F-B88E-06C0CEB62766}
	EndGlobalSection
EndGlobal
