
Microsoft Visual Studio Solution File, Format Version 12.00
# Visual Studio Version 17
VisualStudioVersion = 17.13.35919.96 d17.13
MinimumVisualStudioVersion = 10.0.40219.1
Project("{FAE04EC0-301F-11D3-BF4B-00C04F79EFBC}") = "CSharp13", "CSharp13\CSharp13.csproj", "{9EA55BFE-89CF-4DDD-B473-71B4E40AF89C}"
EndProject
Global
	GlobalSection(SolutionConfigurationPlatforms) = preSolution
		Debug|Any CPU = Debug|Any CPU
		Release|Any CPU = Release|Any CPU
	EndGlobalSection
	GlobalSection(ProjectConfigurationPlatforms) = postSolution
		{9EA55BFE-89CF-4DDD-B473-71B4E40AF89C}.Debug|Any CPU.ActiveCfg = Debug|Any CPU
		{9EA55BFE-89CF-4DDD-B473-71B4E40AF89C}.Debug|Any CPU.Build.0 = Debug|Any CPU
		{9EA55BFE-89CF-4DDD-B473-71B4E40AF89C}.Release|Any CPU.ActiveCfg = Release|Any CPU
		{9EA55BFE-89CF-4DDD-B473-71B4E40AF89C}.Release|Any CPU.Build.0 = Release|Any CPU
	EndGlobalSection
	GlobalSection(SolutionProperties) = preSolution
		HideSolutionNode = FALSE
	EndGlobalSection
	GlobalSection(ExtensibilityGlobals) = postSolution
		SolutionGuid = {233A2A8B-C005-4453-B491-1BF130902F6A}
	EndGlobalSection
EndGlobal
