
Microsoft Visual Studio Solution File, Format Version 12.00
# Visual Studio Version 17
VisualStudioVersion = 17.14.36408.4 d17.14
MinimumVisualStudioVersion = 10.0.40219.1
Project("{FAE04EC0-301F-11D3-BF4B-00C04F79EFBC}") = "LoginDemo", "LoginDemo.csproj", "{948ACF6A-4944-465C-9271-2FF16D370C17}"
EndProject
Global
	GlobalSection(SolutionConfigurationPlatforms) = preSolution
		Debug|Any CPU = Debug|Any CPU
		Release|Any CPU = Release|Any CPU
	EndGlobalSection
	GlobalSection(ProjectConfigurationPlatforms) = postSolution
		{948ACF6A-4944-465C-9271-2FF16D370C17}.Debug|Any CPU.ActiveCfg = Debug|Any CPU
		{948ACF6A-4944-465C-9271-2FF16D370C17}.Debug|Any CPU.Build.0 = Debug|Any CPU
		{948ACF6A-4944-465C-9271-2FF16D370C17}.Release|Any CPU.ActiveCfg = Release|Any CPU
		{948ACF6A-4944-465C-9271-2FF16D370C17}.Release|Any CPU.Build.0 = Release|Any CPU
	EndGlobalSection
	GlobalSection(SolutionProperties) = preSolution
		HideSolutionNode = FALSE
	EndGlobalSection
	GlobalSection(ExtensibilityGlobals) = postSolution
		SolutionGuid = {13CDADFE-B3FD-442A-AD59-3087897FF8C2}
	EndGlobalSection
EndGlobal
